// !$*UTF8*$!
{
	archiveVersion = 1;
	classes = {
	};
	objectVersion = 46;
	objects = {

/* Begin PBXBuildFile section */
		F233613D1F4E9CD10076EBA4 /* Food.swift in Sources */ = {isa = PBXBuildFile; fileRef = F233613C1F4E9CD10076EBA4 /* Food.swift */; };
		F233613F1F4EA3C50076EBA4 /* RecipeIngredient.swift in Sources */ = {isa = PBXBuildFile; fileRef = F233613E1F4EA3C50076EBA4 /* RecipeIngredient.swift */; };
		F245ACFD1F5953F4003516DC /* UntitiledDocument.swift in Sources */ = {isa = PBXBuildFile; fileRef = F245ACFC1F5953F4003516DC /* UntitiledDocument.swift */; };
		F28E84171F5D3B6600E64449 /* SomeClass.swift in Sources */ = {isa = PBXBuildFile; fileRef = F28E84161F5D3B6600E64449 /* SomeClass.swift */; };
		F28E84191F5D3B9D00E64449 /* SomeSubClass.swift in Sources */ = {isa = PBXBuildFile; fileRef = F28E84181F5D3B9D00E64449 /* SomeSubClass.swift */; };
		F28E841B1F5D4E3C00E64449 /* SomeClosureClass.swift in Sources */ = {isa = PBXBuildFile; fileRef = F28E841A1F5D4E3C00E64449 /* SomeClosureClass.swift */; };
		F28E841D1F5D58AE00E64449 /* Chessboard.swift in Sources */ = {isa = PBXBuildFile; fileRef = F28E841C1F5D58AE00E64449 /* Chessboard.swift */; };
		F28FB61E1F4C301D00EDE753 /* main.swift in Sources */ = {isa = PBXBuildFile; fileRef = F28FB61D1F4C301D00EDE753 /* main.swift */; };
		F28FB6251F4C304600EDE753 /* Vehicle.swift in Sources */ = {isa = PBXBuildFile; fileRef = F28FB6241F4C304600EDE753 /* Vehicle.swift */; };
		F28FB6271F4C363C00EDE753 /* Bicycle.swift in Sources */ = {isa = PBXBuildFile; fileRef = F28FB6261F4C363C00EDE753 /* Bicycle.swift */; };
		F2C2A3811F58059D00765D15 /* Product.swift in Sources */ = {isa = PBXBuildFile; fileRef = F2C2A3801F58059D00765D15 /* Product.swift */; };
		F2C2A3831F580A2000765D15 /* CartItem.swift in Sources */ = {isa = PBXBuildFile; fileRef = F2C2A3821F580A2000765D15 /* CartItem.swift */; };
		F2C2A3851F58216F00765D15 /* Document.swift in Sources */ = {isa = PBXBuildFile; fileRef = F2C2A3841F58216F00765D15 /* Document.swift */; };
		F2C2A3871F5821EA00765D15 /* AutomaticallyNamedDocument.swift in Sources */ = {isa = PBXBuildFile; fileRef = F2C2A3861F5821EA00765D15 /* AutomaticallyNamedDocument.swift */; };
		F2E36E711F53C5C0006B1D20 /* ShoppingListItem.swift in Sources */ = {isa = PBXBuildFile; fileRef = F2E36E701F53C5C0006B1D20 /* ShoppingListItem.swift */; };
		F2EA7FDA1F554075001A3AC9 /* Animal.swift in Sources */ = {isa = PBXBuildFile; fileRef = F2EA7FD91F554075001A3AC9 /* Animal.swift */; };
		F2EA7FDC1F554A3E001A3AC9 /* TemperatureUnit.swift in Sources */ = {isa = PBXBuildFile; fileRef = F2EA7FDB1F554A3E001A3AC9 /* TemperatureUnit.swift */; };
/* End PBXBuildFile section */

/* Begin PBXCopyFilesBuildPhase section */
		F28FB6181F4C301D00EDE753 /* CopyFiles */ = {
			isa = PBXCopyFilesBuildPhase;
			buildActionMask = 2147483647;
			dstPath = /usr/share/man/man1/;
			dstSubfolderSpec = 0;
			files = (
			);
			runOnlyForDeploymentPostprocessing = 1;
		};
/* End PBXCopyFilesBuildPhase section */

/* Begin PBXFileReference section */
		F233613C1F4E9CD10076EBA4 /* Food.swift */ = {isa = PBXFileReference; fileEncoding = 4; lastKnownFileType = sourcecode.swift; path = Food.swift; sourceTree = "<group>"; };
		F233613E1F4EA3C50076EBA4 /* RecipeIngredient.swift */ = {isa = PBXFileReference; fileEncoding = 4; lastKnownFileType = sourcecode.swift; path = RecipeIngredient.swift; sourceTree = "<group>"; };
		F245ACFC1F5953F4003516DC /* UntitiledDocument.swift */ = {isa = PBXFileReference; fileEncoding = 4; lastKnownFileType = sourcecode.swift; path = UntitiledDocument.swift; sourceTree = "<group>"; };
		F28E84161F5D3B6600E64449 /* SomeClass.swift */ = {isa = PBXFileReference; fileEncoding = 4; lastKnownFileType = sourcecode.swift; path = SomeClass.swift; sourceTree = "<group>"; };
		F28E84181F5D3B9D00E64449 /* SomeSubClass.swift */ = {isa = PBXFileReference; fileEncoding = 4; lastKnownFileType = sourcecode.swift; path = SomeSubClass.swift; sourceTree = "<group>"; };
		F28E841A1F5D4E3C00E64449 /* SomeClosureClass.swift */ = {isa = PBXFileReference; fileEncoding = 4; lastKnownFileType = sourcecode.swift; path = SomeClosureClass.swift; sourceTree = "<group>"; };
		F28E841C1F5D58AE00E64449 /* Chessboard.swift */ = {isa = PBXFileReference; fileEncoding = 4; lastKnownFileType = sourcecode.swift; path = Chessboard.swift; sourceTree = "<group>"; };
		F28FB61A1F4C301D00EDE753 /* Initializers */ = {isa = PBXFileReference; explicitFileType = "compiled.mach-o.executable"; includeInIndex = 0; path = Initializers; sourceTree = BUILT_PRODUCTS_DIR; };
		F28FB61D1F4C301D00EDE753 /* main.swift */ = {isa = PBXFileReference; lastKnownFileType = sourcecode.swift; path = main.swift; sourceTree = "<group>"; };
		F28FB6241F4C304600EDE753 /* Vehicle.swift */ = {isa = PBXFileReference; fileEncoding = 4; lastKnownFileType = sourcecode.swift; path = Vehicle.swift; sourceTree = "<group>"; };
		F28FB6261F4C363C00EDE753 /* Bicycle.swift */ = {isa = PBXFileReference; fileEncoding = 4; lastKnownFileType = sourcecode.swift; path = Bicycle.swift; sourceTree = "<group>"; };
		F2C2A3801F58059D00765D15 /* Product.swift */ = {isa = PBXFileReference; fileEncoding = 4; lastKnownFileType = sourcecode.swift; path = Product.swift; sourceTree = "<group>"; };
		F2C2A3821F580A2000765D15 /* CartItem.swift */ = {isa = PBXFileReference; fileEncoding = 4; lastKnownFileType = sourcecode.swift; path = CartItem.swift; sourceTree = "<group>"; };
		F2C2A3841F58216F00765D15 /* Document.swift */ = {isa = PBXFileReference; fileEncoding = 4; lastKnownFileType = sourcecode.swift; path = Document.swift; sourceTree = "<group>"; };
		F2C2A3861F5821EA00765D15 /* AutomaticallyNamedDocument.swift */ = {isa = PBXFileReference; fileEncoding = 4; lastKnownFileType = sourcecode.swift; path = AutomaticallyNamedDocument.swift; sourceTree = "<group>"; };
		F2E36E701F53C5C0006B1D20 /* ShoppingListItem.swift */ = {isa = PBXFileReference; fileEncoding = 4; lastKnownFileType = sourcecode.swift; path = ShoppingListItem.swift; sourceTree = "<group>"; };
		F2EA7FD91F554075001A3AC9 /* Animal.swift */ = {isa = PBXFileReference; fileEncoding = 4; lastKnownFileType = sourcecode.swift; path = Animal.swift; sourceTree = "<group>"; };
		F2EA7FDB1F554A3E001A3AC9 /* TemperatureUnit.swift */ = {isa = PBXFileReference; fileEncoding = 4; lastKnownFileType = sourcecode.swift; path = TemperatureUnit.swift; sourceTree = "<group>"; };
/* End PBXFileReference section */

/* Begin PBXFrameworksBuildPhase section */
		F28FB6171F4C301D00EDE753 /* Frameworks */ = {
			isa = PBXFrameworksBuildPhase;
			buildActionMask = 2147483647;
			files = (
			);
			runOnlyForDeploymentPostprocessing = 0;
		};
/* End PBXFrameworksBuildPhase section */

/* Begin PBXGroup section */
		F28FB6111F4C301D00EDE753 = {
			isa = PBXGroup;
			children = (
				F28FB61C1F4C301D00EDE753 /* Initializers */,
				F28FB61B1F4C301D00EDE753 /* Products */,
			);
			sourceTree = "<group>";
		};
		F28FB61B1F4C301D00EDE753 /* Products */ = {
			isa = PBXGroup;
			children = (
				F28FB61A1F4C301D00EDE753 /* Initializers */,
			);
			name = Products;
			sourceTree = "<group>";
		};
		F28FB61C1F4C301D00EDE753 /* Initializers */ = {
			isa = PBXGroup;
			children = (
				F28FB61D1F4C301D00EDE753 /* main.swift */,
				F28FB6241F4C304600EDE753 /* Vehicle.swift */,
				F28FB6261F4C363C00EDE753 /* Bicycle.swift */,
				F233613C1F4E9CD10076EBA4 /* Food.swift */,
				F233613E1F4EA3C50076EBA4 /* RecipeIngredient.swift */,
				F2E36E701F53C5C0006B1D20 /* ShoppingListItem.swift */,
				F2EA7FD91F554075001A3AC9 /* Animal.swift */,
				F2EA7FDB1F554A3E001A3AC9 /* TemperatureUnit.swift */,
				F2C2A3801F58059D00765D15 /* Product.swift */,
				F2C2A3821F580A2000765D15 /* CartItem.swift */,
				F2C2A3841F58216F00765D15 /* Document.swift */,
				F2C2A3861F5821EA00765D15 /* AutomaticallyNamedDocument.swift */,
				F245ACFC1F5953F4003516DC /* UntitiledDocument.swift */,
				F28E84161F5D3B6600E64449 /* SomeClass.swift */,
				F28E84181F5D3B9D00E64449 /* SomeSubClass.swift */,
				F28E841A1F5D4E3C00E64449 /* SomeClosureClass.swift */,
				F28E841C1F5D58AE00E64449 /* Chessboard.swift */,
			);
			path = Initializers;
			sourceTree = "<group>";
		};
/* End PBXGroup section */

/* Begin PBXNativeTarget section */
		F28FB6191F4C301D00EDE753 /* Initializers */ = {
			isa = PBXNativeTarget;
			buildConfigurationList = F28FB6211F4C301D00EDE753 /* Build configuration list for PBXNativeTarget "Initializers" */;
			buildPhases = (
				F28FB6161F4C301D00EDE753 /* Sources */,
				F28FB6171F4C301D00EDE753 /* Frameworks */,
				F28FB6181F4C301D00EDE753 /* CopyFiles */,
			);
			buildRules = (
			);
			dependencies = (
			);
			name = Initializers;
			productName = Initializers;
			productReference = F28FB61A1F4C301D00EDE753 /* Initializers */;
			productType = "com.apple.product-type.tool";
		};
/* End PBXNativeTarget section */

/* Begin PBXProject section */
		F28FB6121F4C301D00EDE753 /* Project object */ = {
			isa = PBXProject;
			attributes = {
				LastSwiftUpdateCheck = 0830;
				LastUpgradeCheck = 0830;
				ORGANIZATIONNAME = huangxiong;
				TargetAttributes = {
					F28FB6191F4C301D00EDE753 = {
						CreatedOnToolsVersion = 8.3.3;
						DevelopmentTeam = 6EW99E5PRN;
						ProvisioningStyle = Automatic;
					};
				};
			};
			buildConfigurationList = F28FB6151F4C301D00EDE753 /* Build configuration list for PBXProject "Initializers" */;
			compatibilityVersion = "Xcode 3.2";
			developmentRegion = English;
			hasScannedForEncodings = 0;
			knownRegions = (
				en,
			);
			mainGroup = F28FB6111F4C301D00EDE753;
			productRefGroup = F28FB61B1F4C301D00EDE753 /* Products */;
			projectDirPath = "";
			projectRoot = "";
			targets = (
				F28FB6191F4C301D00EDE753 /* Initializers */,
			);
		};
/* End PBXProject section */

/* Begin PBXSourcesBuildPhase section */
		F28FB6161F4C301D00EDE753 /* Sources */ = {
			isa = PBXSourcesBuildPhase;
			buildActionMask = 2147483647;
			files = (
				F2EA7FDC1F554A3E001A3AC9 /* TemperatureUnit.swift in Sources */,
				F28FB6271F4C363C00EDE753 /* Bicycle.swift in Sources */,
				F28E84171F5D3B6600E64449 /* SomeClass.swift in Sources */,
				F2C2A3811F58059D00765D15 /* Product.swift in Sources */,
				F233613D1F4E9CD10076EBA4 /* Food.swift in Sources */,
				F28E841D1F5D58AE00E64449 /* Chessboard.swift in Sources */,
				F2C2A3871F5821EA00765D15 /* AutomaticallyNamedDocument.swift in Sources */,
				F2C2A3851F58216F00765D15 /* Document.swift in Sources */,
				F233613F1F4EA3C50076EBA4 /* RecipeIngredient.swift in Sources */,
				F28E841B1F5D4E3C00E64449 /* SomeClosureClass.swift in Sources */,
				F245ACFD1F5953F4003516DC /* UntitiledDocument.swift in Sources */,
				F28E84191F5D3B9D00E64449 /* SomeSubClass.swift in Sources */,
				F28FB6251F4C304600EDE753 /* Vehicle.swift in Sources */,
				F2EA7FDA1F554075001A3AC9 /* Animal.swift in Sources */,
				F2E36E711F53C5C0006B1D20 /* ShoppingListItem.swift in Sources */,
				F2C2A3831F580A2000765D15 /* CartItem.swift in Sources */,
				F28FB61E1F4C301D00EDE753 /* main.swift in Sources */,
			);
			runOnlyForDeploymentPostprocessing = 0;
		};
/* End PBXSourcesBuildPhase section */

/* Begin XCBuildConfiguration section */
		F28FB61F1F4C301D00EDE753 /* Debug */ = {
			isa = XCBuildConfiguration;
			buildSettings = {
				ALWAYS_SEARCH_USER_PATHS = NO;
				CLANG_ANALYZER_NONNULL = YES;
				CLANG_ANALYZER_NUMBER_OBJECT_CONVERSION = YES_AGGRESSIVE;
				CLANG_CXX_LANGUAGE_STANDARD = "gnu++0x";
				CLANG_CXX_LIBRARY = "libc++";
				CLANG_ENABLE_MODULES = YES;
				CLANG_ENABLE_OBJC_ARC = YES;
				CLANG_WARN_BOOL_CONVERSION = YES;
				CLANG_WARN_CONSTANT_CONVERSION = YES;
				CLANG_WARN_DIRECT_OBJC_ISA_USAGE = YES_ERROR;
				CLANG_WARN_DOCUMENTATION_COMMENTS = YES;
				CLANG_WARN_EMPTY_BODY = YES;
				CLANG_WARN_ENUM_CONVERSION = YES;
				CLANG_WARN_INFINITE_RECURSION = YES;
				CLANG_WARN_INT_CONVERSION = YES;
				CLANG_WARN_OBJC_ROOT_CLASS = YES_ERROR;
				CLANG_WARN_SUSPICIOUS_MOVE = YES;
				CLANG_WARN_UNREACHABLE_CODE = YES;
				CLANG_WARN__DUPLICATE_METHOD_MATCH = YES;
				CODE_SIGN_IDENTITY = "-";
				COPY_PHASE_STRIP = NO;
				DEBUG_INFORMATION_FORMAT = dwarf;
				ENABLE_STRICT_OBJC_MSGSEND = YES;
				ENABLE_TESTABILITY = YES;
				GCC_C_LANGUAGE_STANDARD = gnu99;
				GCC_DYNAMIC_NO_PIC = NO;
				GCC_NO_COMMON_BLOCKS = YES;
				GCC_OPTIMIZATION_LEVEL = 0;
				GCC_PREPROCESSOR_DEFINITIONS = (
					"DEBUG=1",
					"$(inherited)",
				);
				GCC_WARN_64_TO_32_BIT_CONVERSION = YES;
				GCC_WARN_ABOUT_RETURN_TYPE = YES_ERROR;
				GCC_WARN_UNDECLARED_SELECTOR = YES;
				GCC_WARN_UNINITIALIZED_AUTOS = YES_AGGRESSIVE;
				GCC_WARN_UNUSED_FUNCTION = YES;
				GCC_WARN_UNUSED_VARIABLE = YES;
				MACOSX_DEPLOYMENT_TARGET = 10.12;
				MTL_ENABLE_DEBUG_INFO = YES;
				ONLY_ACTIVE_ARCH = YES;
				SDKROOT = macosx;
				SWIFT_OPTIMIZATION_LEVEL = "-Onone";
			};
			name = Debug;
		};
		F28FB6201F4C301D00EDE753 /* Release */ = {
			isa = XCBuildConfiguration;
			buildSettings = {
				ALWAYS_SEARCH_USER_PATHS = NO;
				CLANG_ANALYZER_NONNULL = YES;
				CLANG_ANALYZER_NUMBER_OBJECT_CONVERSION = YES_AGGRESSIVE;
				CLANG_CXX_LANGUAGE_STANDARD = "gnu++0x";
				CLANG_CXX_LIBRARY = "libc++";
				CLANG_ENABLE_MODULES = YES;
				CLANG_ENABLE_OBJC_ARC = YES;
				CLANG_WARN_BOOL_CONVERSION = YES;
				CLANG_WARN_CONSTANT_CONVERSION = YES;
				CLANG_WARN_DIRECT_OBJC_ISA_USAGE = YES_ERROR;
				CLANG_WARN_DOCUMENTATION_COMMENTS = YES;
				CLANG_WARN_EMPTY_BODY = YES;
				CLANG_WARN_ENUM_CONVERSION = YES;
				CLANG_WARN_INFINITE_RECURSION = YES;
				CLANG_WARN_INT_CONVERSION = YES;
				CLANG_WARN_OBJC_ROOT_CLASS = YES_ERROR;
				CLANG_WARN_SUSPICIOUS_MOVE = YES;
				CLANG_WARN_UNREACHABLE_CODE = YES;
				CLANG_WARN__DUPLICATE_METHOD_MATCH = YES;
				CODE_SIGN_IDENTITY = "-";
				COPY_PHASE_STRIP = NO;
				DEBUG_INFORMATION_FORMAT = "dwarf-with-dsym";
				ENABLE_NS_ASSERTIONS = NO;
				ENABLE_STRICT_OBJC_MSGSEND = YES;
				GCC_C_LANGUAGE_STANDARD = gnu99;
				GCC_NO_COMMON_BLOCKS = YES;
				GCC_WARN_64_TO_32_BIT_CONVERSION = YES;
				GCC_WARN_ABOUT_RETURN_TYPE = YES_ERROR;
				GCC_WARN_UNDECLARED_SELECTOR = YES;
				GCC_WARN_UNINITIALIZED_AUTOS = YES_AGGRESSIVE;
				GCC_WARN_UNUSED_FUNCTION = YES;
				GCC_WARN_UNUSED_VARIABLE = YES;
				MACOSX_DEPLOYMENT_TARGET = 10.12;
				MTL_ENABLE_DEBUG_INFO = NO;
				SDKROOT = macosx;
			};
			name = Release;
		};
		F28FB6221F4C301D00EDE753 /* Debug */ = {
			isa = XCBuildConfiguration;
			buildSettings = {
				DEVELOPMENT_TEAM = 6EW99E5PRN;
				PRODUCT_NAME = "$(TARGET_NAME)";
				SWIFT_VERSION = 3.0;
			};
			name = Debug;
		};
		F28FB6231F4C301D00EDE753 /* Release */ = {
			isa = XCBuildConfiguration;
			buildSettings = {
				DEVELOPMENT_TEAM = 6EW99E5PRN;
				PRODUCT_NAME = "$(TARGET_NAME)";
				SWIFT_VERSION = 3.0;
			};
			name = Release;
		};
/* End XCBuildConfiguration section */

/* Begin XCConfigurationList section */
		F28FB6151F4C301D00EDE753 /* Build configuration list for PBXProject "Initializers" */ = {
			isa = XCConfigurationList;
			buildConfigurations = (
				F28FB61F1F4C301D00EDE753 /* Debug */,
				F28FB6201F4C301D00EDE753 /* Release */,
			);
			defaultConfigurationIsVisible = 0;
			defaultConfigurationName = Release;
		};
		F28FB6211F4C301D00EDE753 /* Build configuration list for PBXNativeTarget "Initializers" */ = {
			isa = XCConfigurationList;
			buildConfigurations = (
				F28FB6221F4C301D00EDE753 /* Debug */,
				F28FB6231F4C301D00EDE753 /* Release */,
			);
			defaultConfigurationIsVisible = 0;
			defaultConfigurationName = Release;
		};
/* End XCConfigurationList section */
	};
	rootObject = F28FB6121F4C301D00EDE753 /* Project object */;
}
