// !$*UTF8*$!
{
	archiveVersion = 1;
	classes = {
	};
	objectVersion = 46;
	objects = {

/* Begin PBXBuildFile section */
		F27F87271F3D55B0002534E5 /* LevelTracker.swift in Sources */ = {isa = PBXBuildFile; fileRef = F27F87261F3D55B0002534E5 /* LevelTracker.swift */; };
		F27F87291F3DAA21002534E5 /* Player.swift in Sources */ = {isa = PBXBuildFile; fileRef = F27F87281F3DAA21002534E5 /* Player.swift */; };
		F29964EC1F3ABD6D00E41E53 /* main.swift in Sources */ = {isa = PBXBuildFile; fileRef = F29964EB1F3ABD6D00E41E53 /* main.swift */; };
		F29964F31F3ABE4300E41E53 /* Counter.swift in Sources */ = {isa = PBXBuildFile; fileRef = F29964F21F3ABE4300E41E53 /* Counter.swift */; };
		F29964F51F3AFDD400E41E53 /* Point.swift in Sources */ = {isa = PBXBuildFile; fileRef = F29964F41F3AFDD400E41E53 /* Point.swift */; };
		F29964F71F3B1EB200E41E53 /* TriStateSwitch.swift in Sources */ = {isa = PBXBuildFile; fileRef = F29964F61F3B1EB200E41E53 /* TriStateSwitch.swift */; };
		F2CAF3701F3C0F0C00AA3EE1 /* SomeClass.swift in Sources */ = {isa = PBXBuildFile; fileRef = F2CAF36F1F3C0F0C00AA3EE1 /* SomeClass.swift */; };
/* End PBXBuildFile section */

/* Begin PBXCopyFilesBuildPhase section */
		F29964E61F3ABD6D00E41E53 /* CopyFiles */ = {
			isa = PBXCopyFilesBuildPhase;
			buildActionMask = 2147483647;
			dstPath = /usr/share/man/man1/;
			dstSubfolderSpec = 0;
			files = (
			);
			runOnlyForDeploymentPostprocessing = 1;
		};
/* End PBXCopyFilesBuildPhase section */

/* Begin PBXFileReference section */
		F27F87261F3D55B0002534E5 /* LevelTracker.swift */ = {isa = PBXFileReference; fileEncoding = 4; lastKnownFileType = sourcecode.swift; path = LevelTracker.swift; sourceTree = "<group>"; };
		F27F87281F3DAA21002534E5 /* Player.swift */ = {isa = PBXFileReference; fileEncoding = 4; lastKnownFileType = sourcecode.swift; path = Player.swift; sourceTree = "<group>"; };
		F29964E81F3ABD6D00E41E53 /* Method */ = {isa = PBXFileReference; explicitFileType = "compiled.mach-o.executable"; includeInIndex = 0; path = Method; sourceTree = BUILT_PRODUCTS_DIR; };
		F29964EB1F3ABD6D00E41E53 /* main.swift */ = {isa = PBXFileReference; lastKnownFileType = sourcecode.swift; path = main.swift; sourceTree = "<group>"; };
		F29964F21F3ABE4300E41E53 /* Counter.swift */ = {isa = PBXFileReference; fileEncoding = 4; lastKnownFileType = sourcecode.swift; path = Counter.swift; sourceTree = "<group>"; };
		F29964F41F3AFDD400E41E53 /* Point.swift */ = {isa = PBXFileReference; fileEncoding = 4; lastKnownFileType = sourcecode.swift; path = Point.swift; sourceTree = "<group>"; };
		F29964F61F3B1EB200E41E53 /* TriStateSwitch.swift */ = {isa = PBXFileReference; fileEncoding = 4; lastKnownFileType = sourcecode.swift; path = TriStateSwitch.swift; sourceTree = "<group>"; };
		F2CAF36F1F3C0F0C00AA3EE1 /* SomeClass.swift */ = {isa = PBXFileReference; fileEncoding = 4; lastKnownFileType = sourcecode.swift; path = SomeClass.swift; sourceTree = "<group>"; };
/* End PBXFileReference section */

/* Begin PBXFrameworksBuildPhase section */
		F29964E51F3ABD6D00E41E53 /* Frameworks */ = {
			isa = PBXFrameworksBuildPhase;
			buildActionMask = 2147483647;
			files = (
			);
			runOnlyForDeploymentPostprocessing = 0;
		};
/* End PBXFrameworksBuildPhase section */

/* Begin PBXGroup section */
		F29964DF1F3ABD6D00E41E53 = {
			isa = PBXGroup;
			children = (
				F29964EA1F3ABD6D00E41E53 /* Method */,
				F29964E91F3ABD6D00E41E53 /* Products */,
			);
			sourceTree = "<group>";
		};
		F29964E91F3ABD6D00E41E53 /* Products */ = {
			isa = PBXGroup;
			children = (
				F29964E81F3ABD6D00E41E53 /* Method */,
			);
			name = Products;
			sourceTree = "<group>";
		};
		F29964EA1F3ABD6D00E41E53 /* Method */ = {
			isa = PBXGroup;
			children = (
				F29964EB1F3ABD6D00E41E53 /* main.swift */,
				F29964F21F3ABE4300E41E53 /* Counter.swift */,
				F29964F41F3AFDD400E41E53 /* Point.swift */,
				F29964F61F3B1EB200E41E53 /* TriStateSwitch.swift */,
				F2CAF36F1F3C0F0C00AA3EE1 /* SomeClass.swift */,
				F27F87261F3D55B0002534E5 /* LevelTracker.swift */,
				F27F87281F3DAA21002534E5 /* Player.swift */,
			);
			path = Method;
			sourceTree = "<group>";
		};
/* End PBXGroup section */

/* Begin PBXNativeTarget section */
		F29964E71F3ABD6D00E41E53 /* Method */ = {
			isa = PBXNativeTarget;
			buildConfigurationList = F29964EF1F3ABD6D00E41E53 /* Build configuration list for PBXNativeTarget "Method" */;
			buildPhases = (
				F29964E41F3ABD6D00E41E53 /* Sources */,
				F29964E51F3ABD6D00E41E53 /* Frameworks */,
				F29964E61F3ABD6D00E41E53 /* CopyFiles */,
			);
			buildRules = (
			);
			dependencies = (
			);
			name = Method;
			productName = Method;
			productReference = F29964E81F3ABD6D00E41E53 /* Method */;
			productType = "com.apple.product-type.tool";
		};
/* End PBXNativeTarget section */

/* Begin PBXProject section */
		F29964E01F3ABD6D00E41E53 /* Project object */ = {
			isa = PBXProject;
			attributes = {
				LastSwiftUpdateCheck = 0830;
				LastUpgradeCheck = 0830;
				ORGANIZATIONNAME = huangxiong;
				TargetAttributes = {
					F29964E71F3ABD6D00E41E53 = {
						CreatedOnToolsVersion = 8.3.3;
						DevelopmentTeam = 6EW99E5PRN;
						ProvisioningStyle = Automatic;
					};
				};
			};
			buildConfigurationList = F29964E31F3ABD6D00E41E53 /* Build configuration list for PBXProject "Method" */;
			compatibilityVersion = "Xcode 3.2";
			developmentRegion = English;
			hasScannedForEncodings = 0;
			knownRegions = (
				en,
			);
			mainGroup = F29964DF1F3ABD6D00E41E53;
			productRefGroup = F29964E91F3ABD6D00E41E53 /* Products */;
			projectDirPath = "";
			projectRoot = "";
			targets = (
				F29964E71F3ABD6D00E41E53 /* Method */,
			);
		};
/* End PBXProject section */

/* Begin PBXSourcesBuildPhase section */
		F29964E41F3ABD6D00E41E53 /* Sources */ = {
			isa = PBXSourcesBuildPhase;
			buildActionMask = 2147483647;
			files = (
				F29964F31F3ABE4300E41E53 /* Counter.swift in Sources */,
				F29964F71F3B1EB200E41E53 /* TriStateSwitch.swift in Sources */,
				F2CAF3701F3C0F0C00AA3EE1 /* SomeClass.swift in Sources */,
				F27F87271F3D55B0002534E5 /* LevelTracker.swift in Sources */,
				F27F87291F3DAA21002534E5 /* Player.swift in Sources */,
				F29964EC1F3ABD6D00E41E53 /* main.swift in Sources */,
				F29964F51F3AFDD400E41E53 /* Point.swift in Sources */,
			);
			runOnlyForDeploymentPostprocessing = 0;
		};
/* End PBXSourcesBuildPhase section */

/* Begin XCBuildConfiguration section */
		F29964ED1F3ABD6D00E41E53 /* Debug */ = {
			isa = XCBuildConfiguration;
			buildSettings = {
				ALWAYS_SEARCH_USER_PATHS = NO;
				CLANG_ANALYZER_NONNULL = YES;
				CLANG_ANALYZER_NUMBER_OBJECT_CONVERSION = YES_AGGRESSIVE;
				CLANG_CXX_LANGUAGE_STANDARD = "gnu++0x";
				CLANG_CXX_LIBRARY = "libc++";
				CLANG_ENABLE_MODULES = YES;
				CLANG_ENABLE_OBJC_ARC = YES;
				CLANG_WARN_BOOL_CONVERSION = YES;
				CLANG_WARN_CONSTANT_CONVERSION = YES;
				CLANG_WARN_DIRECT_OBJC_ISA_USAGE = YES_ERROR;
				CLANG_WARN_DOCUMENTATION_COMMENTS = YES;
				CLANG_WARN_EMPTY_BODY = YES;
				CLANG_WARN_ENUM_CONVERSION = YES;
				CLANG_WARN_INFINITE_RECURSION = YES;
				CLANG_WARN_INT_CONVERSION = YES;
				CLANG_WARN_OBJC_ROOT_CLASS = YES_ERROR;
				CLANG_WARN_SUSPICIOUS_MOVE = YES;
				CLANG_WARN_UNREACHABLE_CODE = YES;
				CLANG_WARN__DUPLICATE_METHOD_MATCH = YES;
				CODE_SIGN_IDENTITY = "-";
				COPY_PHASE_STRIP = NO;
				DEBUG_INFORMATION_FORMAT = dwarf;
				ENABLE_STRICT_OBJC_MSGSEND = YES;
				ENABLE_TESTABILITY = YES;
				GCC_C_LANGUAGE_STANDARD = gnu99;
				GCC_DYNAMIC_NO_PIC = NO;
				GCC_NO_COMMON_BLOCKS = YES;
				GCC_OPTIMIZATION_LEVEL = 0;
				GCC_PREPROCESSOR_DEFINITIONS = (
					"DEBUG=1",
					"$(inherited)",
				);
				GCC_WARN_64_TO_32_BIT_CONVERSION = YES;
				GCC_WARN_ABOUT_RETURN_TYPE = YES_ERROR;
				GCC_WARN_UNDECLARED_SELECTOR = YES;
				GCC_WARN_UNINITIALIZED_AUTOS = YES_AGGRESSIVE;
				GCC_WARN_UNUSED_FUNCTION = YES;
				GCC_WARN_UNUSED_VARIABLE = YES;
				MACOSX_DEPLOYMENT_TARGET = 10.12;
				MTL_ENABLE_DEBUG_INFO = YES;
				ONLY_ACTIVE_ARCH = YES;
				SDKROOT = macosx;
				SWIFT_OPTIMIZATION_LEVEL = "-Onone";
			};
			name = Debug;
		};
		F29964EE1F3ABD6D00E41E53 /* Release */ = {
			isa = XCBuildConfiguration;
			buildSettings = {
				ALWAYS_SEARCH_USER_PATHS = NO;
				CLANG_ANALYZER_NONNULL = YES;
				CLANG_ANALYZER_NUMBER_OBJECT_CONVERSION = YES_AGGRESSIVE;
				CLANG_CXX_LANGUAGE_STANDARD = "gnu++0x";
				CLANG_CXX_LIBRARY = "libc++";
				CLANG_ENABLE_MODULES = YES;
				CLANG_ENABLE_OBJC_ARC = YES;
				CLANG_WARN_BOOL_CONVERSION = YES;
				CLANG_WARN_CONSTANT_CONVERSION = YES;
				CLANG_WARN_DIRECT_OBJC_ISA_USAGE = YES_ERROR;
				CLANG_WARN_DOCUMENTATION_COMMENTS = YES;
				CLANG_WARN_EMPTY_BODY = YES;
				CLANG_WARN_ENUM_CONVERSION = YES;
				CLANG_WARN_INFINITE_RECURSION = YES;
				CLANG_WARN_INT_CONVERSION = YES;
				CLANG_WARN_OBJC_ROOT_CLASS = YES_ERROR;
				CLANG_WARN_SUSPICIOUS_MOVE = YES;
				CLANG_WARN_UNREACHABLE_CODE = YES;
				CLANG_WARN__DUPLICATE_METHOD_MATCH = YES;
				CODE_SIGN_IDENTITY = "-";
				COPY_PHASE_STRIP = NO;
				DEBUG_INFORMATION_FORMAT = "dwarf-with-dsym";
				ENABLE_NS_ASSERTIONS = NO;
				ENABLE_STRICT_OBJC_MSGSEND = YES;
				GCC_C_LANGUAGE_STANDARD = gnu99;
				GCC_NO_COMMON_BLOCKS = YES;
				GCC_WARN_64_TO_32_BIT_CONVERSION = YES;
				GCC_WARN_ABOUT_RETURN_TYPE = YES_ERROR;
				GCC_WARN_UNDECLARED_SELECTOR = YES;
				GCC_WARN_UNINITIALIZED_AUTOS = YES_AGGRESSIVE;
				GCC_WARN_UNUSED_FUNCTION = YES;
				GCC_WARN_UNUSED_VARIABLE = YES;
				MACOSX_DEPLOYMENT_TARGET = 10.12;
				MTL_ENABLE_DEBUG_INFO = NO;
				SDKROOT = macosx;
			};
			name = Release;
		};
		F29964F01F3ABD6D00E41E53 /* Debug */ = {
			isa = XCBuildConfiguration;
			buildSettings = {
				DEVELOPMENT_TEAM = 6EW99E5PRN;
				PRODUCT_NAME = "$(TARGET_NAME)";
				SWIFT_VERSION = 3.0;
			};
			name = Debug;
		};
		F29964F11F3ABD6D00E41E53 /* Release */ = {
			isa = XCBuildConfiguration;
			buildSettings = {
				DEVELOPMENT_TEAM = 6EW99E5PRN;
				PRODUCT_NAME = "$(TARGET_NAME)";
				SWIFT_VERSION = 3.0;
			};
			name = Release;
		};
/* End XCBuildConfiguration section */

/* Begin XCConfigurationList section */
		F29964E31F3ABD6D00E41E53 /* Build configuration list for PBXProject "Method" */ = {
			isa = XCConfigurationList;
			buildConfigurations = (
				F29964ED1F3ABD6D00E41E53 /* Debug */,
				F29964EE1F3ABD6D00E41E53 /* Release */,
			);
			defaultConfigurationIsVisible = 0;
			defaultConfigurationName = Release;
		};
		F29964EF1F3ABD6D00E41E53 /* Build configuration list for PBXNativeTarget "Method" */ = {
			isa = XCConfigurationList;
			buildConfigurations = (
				F29964F01F3ABD6D00E41E53 /* Debug */,
				F29964F11F3ABD6D00E41E53 /* Release */,
			);
			defaultConfigurationIsVisible = 0;
			defaultConfigurationName = Release;
		};
/* End XCConfigurationList section */
	};
	rootObject = F29964E01F3ABD6D00E41E53 /* Project object */;
}
