// !$*UTF8*$!
{
	archiveVersion = 1;
	classes = {
	};
	objectVersion = 46;
	objects = {

/* Begin PBXBuildFile section */
		F2386F881F4459B600743E98 /* Vehicle.swift in Sources */ = {isa = PBXBuildFile; fileRef = F2386F871F4459B600743E98 /* Vehicle.swift */; };
		F2386F8A1F445BC900743E98 /* Bicycle.swift in Sources */ = {isa = PBXBuildFile; fileRef = F2386F891F445BC900743E98 /* Bicycle.swift */; };
		F2828CF61F43F98C00E1C0B7 /* main.swift in Sources */ = {isa = PBXBuildFile; fileRef = F2828CF51F43F98C00E1C0B7 /* main.swift */; };
/* End PBXBuildFile section */

/* Begin PBXCopyFilesBuildPhase section */
		F2828CF01F43F98C00E1C0B7 /* CopyFiles */ = {
			isa = PBXCopyFilesBuildPhase;
			buildActionMask = 2147483647;
			dstPath = /usr/share/man/man1/;
			dstSubfolderSpec = 0;
			files = (
			);
			runOnlyForDeploymentPostprocessing = 1;
		};
/* End PBXCopyFilesBuildPhase section */

/* Begin PBXFileReference section */
		F2386F871F4459B600743E98 /* Vehicle.swift */ = {isa = PBXFileReference; fileEncoding = 4; lastKnownFileType = sourcecode.swift; path = Vehicle.swift; sourceTree = "<group>"; };
		F2386F891F445BC900743E98 /* Bicycle.swift */ = {isa = PBXFileReference; fileEncoding = 4; lastKnownFileType = sourcecode.swift; path = Bicycle.swift; sourceTree = "<group>"; };
		F2828CF21F43F98C00E1C0B7 /* Inheritance */ = {isa = PBXFileReference; explicitFileType = "compiled.mach-o.executable"; includeInIndex = 0; path = Inheritance; sourceTree = BUILT_PRODUCTS_DIR; };
		F2828CF51F43F98C00E1C0B7 /* main.swift */ = {isa = PBXFileReference; lastKnownFileType = sourcecode.swift; path = main.swift; sourceTree = "<group>"; };
/* End PBXFileReference section */

/* Begin PBXFrameworksBuildPhase section */
		F2828CEF1F43F98C00E1C0B7 /* Frameworks */ = {
			isa = PBXFrameworksBuildPhase;
			buildActionMask = 2147483647;
			files = (
			);
			runOnlyForDeploymentPostprocessing = 0;
		};
/* End PBXFrameworksBuildPhase section */

/* Begin PBXGroup section */
		F2828CE91F43F98C00E1C0B7 = {
			isa = PBXGroup;
			children = (
				F2828CF41F43F98C00E1C0B7 /* Inheritance */,
				F2828CF31F43F98C00E1C0B7 /* Products */,
			);
			sourceTree = "<group>";
		};
		F2828CF31F43F98C00E1C0B7 /* Products */ = {
			isa = PBXGroup;
			children = (
				F2828CF21F43F98C00E1C0B7 /* Inheritance */,
			);
			name = Products;
			sourceTree = "<group>";
		};
		F2828CF41F43F98C00E1C0B7 /* Inheritance */ = {
			isa = PBXGroup;
			children = (
				F2828CF51F43F98C00E1C0B7 /* main.swift */,
				F2386F871F4459B600743E98 /* Vehicle.swift */,
				F2386F891F445BC900743E98 /* Bicycle.swift */,
			);
			path = Inheritance;
			sourceTree = "<group>";
		};
/* End PBXGroup section */

/* Begin PBXNativeTarget section */
		F2828CF11F43F98C00E1C0B7 /* Inheritance */ = {
			isa = PBXNativeTarget;
			buildConfigurationList = F2828CF91F43F98C00E1C0B7 /* Build configuration list for PBXNativeTarget "Inheritance" */;
			buildPhases = (
				F2828CEE1F43F98C00E1C0B7 /* Sources */,
				F2828CEF1F43F98C00E1C0B7 /* Frameworks */,
				F2828CF01F43F98C00E1C0B7 /* CopyFiles */,
			);
			buildRules = (
			);
			dependencies = (
			);
			name = Inheritance;
			productName = Inheritance;
			productReference = F2828CF21F43F98C00E1C0B7 /* Inheritance */;
			productType = "com.apple.product-type.tool";
		};
/* End PBXNativeTarget section */

/* Begin PBXProject section */
		F2828CEA1F43F98C00E1C0B7 /* Project object */ = {
			isa = PBXProject;
			attributes = {
				LastSwiftUpdateCheck = 0830;
				LastUpgradeCheck = 0830;
				ORGANIZATIONNAME = huangxiong;
				TargetAttributes = {
					F2828CF11F43F98C00E1C0B7 = {
						CreatedOnToolsVersion = 8.3.3;
						DevelopmentTeam = 6EW99E5PRN;
						ProvisioningStyle = Automatic;
					};
				};
			};
			buildConfigurationList = F2828CED1F43F98C00E1C0B7 /* Build configuration list for PBXProject "Inheritance" */;
			compatibilityVersion = "Xcode 3.2";
			developmentRegion = English;
			hasScannedForEncodings = 0;
			knownRegions = (
				en,
			);
			mainGroup = F2828CE91F43F98C00E1C0B7;
			productRefGroup = F2828CF31F43F98C00E1C0B7 /* Products */;
			projectDirPath = "";
			projectRoot = "";
			targets = (
				F2828CF11F43F98C00E1C0B7 /* Inheritance */,
			);
		};
/* End PBXProject section */

/* Begin PBXSourcesBuildPhase section */
		F2828CEE1F43F98C00E1C0B7 /* Sources */ = {
			isa = PBXSourcesBuildPhase;
			buildActionMask = 2147483647;
			files = (
				F2386F8A1F445BC900743E98 /* Bicycle.swift in Sources */,
				F2386F881F4459B600743E98 /* Vehicle.swift in Sources */,
				F2828CF61F43F98C00E1C0B7 /* main.swift in Sources */,
			);
			runOnlyForDeploymentPostprocessing = 0;
		};
/* End PBXSourcesBuildPhase section */

/* Begin XCBuildConfiguration section */
		F2828CF71F43F98C00E1C0B7 /* Debug */ = {
			isa = XCBuildConfiguration;
			buildSettings = {
				ALWAYS_SEARCH_USER_PATHS = NO;
				CLANG_ANALYZER_NONNULL = YES;
				CLANG_ANALYZER_NUMBER_OBJECT_CONVERSION = YES_AGGRESSIVE;
				CLANG_CXX_LANGUAGE_STANDARD = "gnu++0x";
				CLANG_CXX_LIBRARY = "libc++";
				CLANG_ENABLE_MODULES = YES;
				CLANG_ENABLE_OBJC_ARC = YES;
				CLANG_WARN_BOOL_CONVERSION = YES;
				CLANG_WARN_CONSTANT_CONVERSION = YES;
				CLANG_WARN_DIRECT_OBJC_ISA_USAGE = YES_ERROR;
				CLANG_WARN_DOCUMENTATION_COMMENTS = YES;
				CLANG_WARN_EMPTY_BODY = YES;
				CLANG_WARN_ENUM_CONVERSION = YES;
				CLANG_WARN_INFINITE_RECURSION = YES;
				CLANG_WARN_INT_CONVERSION = YES;
				CLANG_WARN_OBJC_ROOT_CLASS = YES_ERROR;
				CLANG_WARN_SUSPICIOUS_MOVE = YES;
				CLANG_WARN_UNREACHABLE_CODE = YES;
				CLANG_WARN__DUPLICATE_METHOD_MATCH = YES;
				CODE_SIGN_IDENTITY = "-";
				COPY_PHASE_STRIP = NO;
				DEBUG_INFORMATION_FORMAT = dwarf;
				ENABLE_STRICT_OBJC_MSGSEND = YES;
				ENABLE_TESTABILITY = YES;
				GCC_C_LANGUAGE_STANDARD = gnu99;
				GCC_DYNAMIC_NO_PIC = NO;
				GCC_NO_COMMON_BLOCKS = YES;
				GCC_OPTIMIZATION_LEVEL = 0;
				GCC_PREPROCESSOR_DEFINITIONS = (
					"DEBUG=1",
					"$(inherited)",
				);
				GCC_WARN_64_TO_32_BIT_CONVERSION = YES;
				GCC_WARN_ABOUT_RETURN_TYPE = YES_ERROR;
				GCC_WARN_UNDECLARED_SELECTOR = YES;
				GCC_WARN_UNINITIALIZED_AUTOS = YES_AGGRESSIVE;
				GCC_WARN_UNUSED_FUNCTION = YES;
				GCC_WARN_UNUSED_VARIABLE = YES;
				MACOSX_DEPLOYMENT_TARGET = 10.12;
				MTL_ENABLE_DEBUG_INFO = YES;
				ONLY_ACTIVE_ARCH = YES;
				SDKROOT = macosx;
				SWIFT_OPTIMIZATION_LEVEL = "-Onone";
			};
			name = Debug;
		};
		F2828CF81F43F98C00E1C0B7 /* Release */ = {
			isa = XCBuildConfiguration;
			buildSettings = {
				ALWAYS_SEARCH_USER_PATHS = NO;
				CLANG_ANALYZER_NONNULL = YES;
				CLANG_ANALYZER_NUMBER_OBJECT_CONVERSION = YES_AGGRESSIVE;
				CLANG_CXX_LANGUAGE_STANDARD = "gnu++0x";
				CLANG_CXX_LIBRARY = "libc++";
				CLANG_ENABLE_MODULES = YES;
				CLANG_ENABLE_OBJC_ARC = YES;
				CLANG_WARN_BOOL_CONVERSION = YES;
				CLANG_WARN_CONSTANT_CONVERSION = YES;
				CLANG_WARN_DIRECT_OBJC_ISA_USAGE = YES_ERROR;
				CLANG_WARN_DOCUMENTATION_COMMENTS = YES;
				CLANG_WARN_EMPTY_BODY = YES;
				CLANG_WARN_ENUM_CONVERSION = YES;
				CLANG_WARN_INFINITE_RECURSION = YES;
				CLANG_WARN_INT_CONVERSION = YES;
				CLANG_WARN_OBJC_ROOT_CLASS = YES_ERROR;
				CLANG_WARN_SUSPICIOUS_MOVE = YES;
				CLANG_WARN_UNREACHABLE_CODE = YES;
				CLANG_WARN__DUPLICATE_METHOD_MATCH = YES;
				CODE_SIGN_IDENTITY = "-";
				COPY_PHASE_STRIP = NO;
				DEBUG_INFORMATION_FORMAT = "dwarf-with-dsym";
				ENABLE_NS_ASSERTIONS = NO;
				ENABLE_STRICT_OBJC_MSGSEND = YES;
				GCC_C_LANGUAGE_STANDARD = gnu99;
				GCC_NO_COMMON_BLOCKS = YES;
				GCC_WARN_64_TO_32_BIT_CONVERSION = YES;
				GCC_WARN_ABOUT_RETURN_TYPE = YES_ERROR;
				GCC_WARN_UNDECLARED_SELECTOR = YES;
				GCC_WARN_UNINITIALIZED_AUTOS = YES_AGGRESSIVE;
				GCC_WARN_UNUSED_FUNCTION = YES;
				GCC_WARN_UNUSED_VARIABLE = YES;
				MACOSX_DEPLOYMENT_TARGET = 10.12;
				MTL_ENABLE_DEBUG_INFO = NO;
				SDKROOT = macosx;
			};
			name = Release;
		};
		F2828CFA1F43F98C00E1C0B7 /* Debug */ = {
			isa = XCBuildConfiguration;
			buildSettings = {
				DEVELOPMENT_TEAM = 6EW99E5PRN;
				PRODUCT_NAME = "$(TARGET_NAME)";
				SWIFT_VERSION = 3.0;
			};
			name = Debug;
		};
		F2828CFB1F43F98C00E1C0B7 /* Release */ = {
			isa = XCBuildConfiguration;
			buildSettings = {
				DEVELOPMENT_TEAM = 6EW99E5PRN;
				PRODUCT_NAME = "$(TARGET_NAME)";
				SWIFT_VERSION = 3.0;
			};
			name = Release;
		};
/* End XCBuildConfiguration section */

/* Begin XCConfigurationList section */
		F2828CED1F43F98C00E1C0B7 /* Build configuration list for PBXProject "Inheritance" */ = {
			isa = XCConfigurationList;
			buildConfigurations = (
				F2828CF71F43F98C00E1C0B7 /* Debug */,
				F2828CF81F43F98C00E1C0B7 /* Release */,
			);
			defaultConfigurationIsVisible = 0;
			defaultConfigurationName = Release;
		};
		F2828CF91F43F98C00E1C0B7 /* Build configuration list for PBXNativeTarget "Inheritance" */ = {
			isa = XCConfigurationList;
			buildConfigurations = (
				F2828CFA1F43F98C00E1C0B7 /* Debug */,
				F2828CFB1F43F98C00E1C0B7 /* Release */,
			);
			defaultConfigurationIsVisible = 0;
			defaultConfigurationName = Release;
		};
/* End XCConfigurationList section */
	};
	rootObject = F2828CEA1F43F98C00E1C0B7 /* Project object */;
}
