// !$*UTF8*$!
{
	archiveVersion = 1;
	classes = {
	};
	objectVersion = 46;
	objects = {

/* Begin PBXBuildFile section */
		F26881D31EAE3EED00582C27 /* main.swift in Sources */ = {isa = PBXBuildFile; fileRef = F26881D21EAE3EED00582C27 /* main.swift */; };
		F26881DA1EAE3F0400582C27 /* Shape.swift in Sources */ = {isa = PBXBuildFile; fileRef = F26881D91EAE3F0400582C27 /* Shape.swift */; };
		F26881DC1EAE409600582C27 /* Square.swift in Sources */ = {isa = PBXBuildFile; fileRef = F26881DB1EAE409600582C27 /* Square.swift */; };
		F26881DE1EAE432000582C27 /* EquilateralTriangle.swift in Sources */ = {isa = PBXBuildFile; fileRef = F26881DD1EAE432000582C27 /* EquilateralTriangle.swift */; };
/* End PBXBuildFile section */

/* Begin PBXCopyFilesBuildPhase section */
		F26881CD1EAE3EED00582C27 /* CopyFiles */ = {
			isa = PBXCopyFilesBuildPhase;
			buildActionMask = 2147483647;
			dstPath = /usr/share/man/man1/;
			dstSubfolderSpec = 0;
			files = (
			);
			runOnlyForDeploymentPostprocessing = 1;
		};
/* End PBXCopyFilesBuildPhase section */

/* Begin PBXFileReference section */
		F26881CF1EAE3EED00582C27 /* ClassObject */ = {isa = PBXFileReference; explicitFileType = "compiled.mach-o.executable"; includeInIndex = 0; path = ClassObject; sourceTree = BUILT_PRODUCTS_DIR; };
		F26881D21EAE3EED00582C27 /* main.swift */ = {isa = PBXFileReference; lastKnownFileType = sourcecode.swift; path = main.swift; sourceTree = "<group>"; };
		F26881D91EAE3F0400582C27 /* Shape.swift */ = {isa = PBXFileReference; fileEncoding = 4; lastKnownFileType = sourcecode.swift; path = Shape.swift; sourceTree = "<group>"; };
		F26881DB1EAE409600582C27 /* Square.swift */ = {isa = PBXFileReference; fileEncoding = 4; lastKnownFileType = sourcecode.swift; path = Square.swift; sourceTree = "<group>"; };
		F26881DD1EAE432000582C27 /* EquilateralTriangle.swift */ = {isa = PBXFileReference; fileEncoding = 4; lastKnownFileType = sourcecode.swift; path = EquilateralTriangle.swift; sourceTree = "<group>"; };
/* End PBXFileReference section */

/* Begin PBXFrameworksBuildPhase section */
		F26881CC1EAE3EED00582C27 /* Frameworks */ = {
			isa = PBXFrameworksBuildPhase;
			buildActionMask = 2147483647;
			files = (
			);
			runOnlyForDeploymentPostprocessing = 0;
		};
/* End PBXFrameworksBuildPhase section */

/* Begin PBXGroup section */
		F26881C61EAE3EED00582C27 = {
			isa = PBXGroup;
			children = (
				F26881D11EAE3EED00582C27 /* ClassObject */,
				F26881D01EAE3EED00582C27 /* Products */,
			);
			sourceTree = "<group>";
		};
		F26881D01EAE3EED00582C27 /* Products */ = {
			isa = PBXGroup;
			children = (
				F26881CF1EAE3EED00582C27 /* ClassObject */,
			);
			name = Products;
			sourceTree = "<group>";
		};
		F26881D11EAE3EED00582C27 /* ClassObject */ = {
			isa = PBXGroup;
			children = (
				F26881D21EAE3EED00582C27 /* main.swift */,
				F26881D91EAE3F0400582C27 /* Shape.swift */,
				F26881DB1EAE409600582C27 /* Square.swift */,
				F26881DD1EAE432000582C27 /* EquilateralTriangle.swift */,
			);
			path = ClassObject;
			sourceTree = "<group>";
		};
/* End PBXGroup section */

/* Begin PBXNativeTarget section */
		F26881CE1EAE3EED00582C27 /* ClassObject */ = {
			isa = PBXNativeTarget;
			buildConfigurationList = F26881D61EAE3EED00582C27 /* Build configuration list for PBXNativeTarget "ClassObject" */;
			buildPhases = (
				F26881CB1EAE3EED00582C27 /* Sources */,
				F26881CC1EAE3EED00582C27 /* Frameworks */,
				F26881CD1EAE3EED00582C27 /* CopyFiles */,
			);
			buildRules = (
			);
			dependencies = (
			);
			name = ClassObject;
			productName = ClassObject;
			productReference = F26881CF1EAE3EED00582C27 /* ClassObject */;
			productType = "com.apple.product-type.tool";
		};
/* End PBXNativeTarget section */

/* Begin PBXProject section */
		F26881C71EAE3EED00582C27 /* Project object */ = {
			isa = PBXProject;
			attributes = {
				LastSwiftUpdateCheck = 0830;
				LastUpgradeCheck = 0830;
				ORGANIZATIONNAME = huangxiong;
				TargetAttributes = {
					F26881CE1EAE3EED00582C27 = {
						CreatedOnToolsVersion = 8.3.2;
						DevelopmentTeam = 6EW99E5PRN;
						ProvisioningStyle = Automatic;
					};
				};
			};
			buildConfigurationList = F26881CA1EAE3EED00582C27 /* Build configuration list for PBXProject "ClassObject" */;
			compatibilityVersion = "Xcode 3.2";
			developmentRegion = English;
			hasScannedForEncodings = 0;
			knownRegions = (
				en,
			);
			mainGroup = F26881C61EAE3EED00582C27;
			productRefGroup = F26881D01EAE3EED00582C27 /* Products */;
			projectDirPath = "";
			projectRoot = "";
			targets = (
				F26881CE1EAE3EED00582C27 /* ClassObject */,
			);
		};
/* End PBXProject section */

/* Begin PBXSourcesBuildPhase section */
		F26881CB1EAE3EED00582C27 /* Sources */ = {
			isa = PBXSourcesBuildPhase;
			buildActionMask = 2147483647;
			files = (
				F26881DC1EAE409600582C27 /* Square.swift in Sources */,
				F26881D31EAE3EED00582C27 /* main.swift in Sources */,
				F26881DA1EAE3F0400582C27 /* Shape.swift in Sources */,
				F26881DE1EAE432000582C27 /* EquilateralTriangle.swift in Sources */,
			);
			runOnlyForDeploymentPostprocessing = 0;
		};
/* End PBXSourcesBuildPhase section */

/* Begin XCBuildConfiguration section */
		F26881D41EAE3EED00582C27 /* Debug */ = {
			isa = XCBuildConfiguration;
			buildSettings = {
				ALWAYS_SEARCH_USER_PATHS = NO;
				CLANG_ANALYZER_NONNULL = YES;
				CLANG_ANALYZER_NUMBER_OBJECT_CONVERSION = YES_AGGRESSIVE;
				CLANG_CXX_LANGUAGE_STANDARD = "gnu++0x";
				CLANG_CXX_LIBRARY = "libc++";
				CLANG_ENABLE_MODULES = YES;
				CLANG_ENABLE_OBJC_ARC = YES;
				CLANG_WARN_BOOL_CONVERSION = YES;
				CLANG_WARN_CONSTANT_CONVERSION = YES;
				CLANG_WARN_DIRECT_OBJC_ISA_USAGE = YES_ERROR;
				CLANG_WARN_DOCUMENTATION_COMMENTS = YES;
				CLANG_WARN_EMPTY_BODY = YES;
				CLANG_WARN_ENUM_CONVERSION = YES;
				CLANG_WARN_INFINITE_RECURSION = YES;
				CLANG_WARN_INT_CONVERSION = YES;
				CLANG_WARN_OBJC_ROOT_CLASS = YES_ERROR;
				CLANG_WARN_SUSPICIOUS_MOVE = YES;
				CLANG_WARN_UNREACHABLE_CODE = YES;
				CLANG_WARN__DUPLICATE_METHOD_MATCH = YES;
				CODE_SIGN_IDENTITY = "-";
				COPY_PHASE_STRIP = NO;
				DEBUG_INFORMATION_FORMAT = dwarf;
				ENABLE_STRICT_OBJC_MSGSEND = YES;
				ENABLE_TESTABILITY = YES;
				GCC_C_LANGUAGE_STANDARD = gnu99;
				GCC_DYNAMIC_NO_PIC = NO;
				GCC_NO_COMMON_BLOCKS = YES;
				GCC_OPTIMIZATION_LEVEL = 0;
				GCC_PREPROCESSOR_DEFINITIONS = (
					"DEBUG=1",
					"$(inherited)",
				);
				GCC_WARN_64_TO_32_BIT_CONVERSION = YES;
				GCC_WARN_ABOUT_RETURN_TYPE = YES_ERROR;
				GCC_WARN_UNDECLARED_SELECTOR = YES;
				GCC_WARN_UNINITIALIZED_AUTOS = YES_AGGRESSIVE;
				GCC_WARN_UNUSED_FUNCTION = YES;
				GCC_WARN_UNUSED_VARIABLE = YES;
				MACOSX_DEPLOYMENT_TARGET = 10.12;
				MTL_ENABLE_DEBUG_INFO = YES;
				ONLY_ACTIVE_ARCH = YES;
				SDKROOT = macosx;
				SWIFT_OPTIMIZATION_LEVEL = "-Onone";
			};
			name = Debug;
		};
		F26881D51EAE3EED00582C27 /* Release */ = {
			isa = XCBuildConfiguration;
			buildSettings = {
				ALWAYS_SEARCH_USER_PATHS = NO;
				CLANG_ANALYZER_NONNULL = YES;
				CLANG_ANALYZER_NUMBER_OBJECT_CONVERSION = YES_AGGRESSIVE;
				CLANG_CXX_LANGUAGE_STANDARD = "gnu++0x";
				CLANG_CXX_LIBRARY = "libc++";
				CLANG_ENABLE_MODULES = YES;
				CLANG_ENABLE_OBJC_ARC = YES;
				CLANG_WARN_BOOL_CONVERSION = YES;
				CLANG_WARN_CONSTANT_CONVERSION = YES;
				CLANG_WARN_DIRECT_OBJC_ISA_USAGE = YES_ERROR;
				CLANG_WARN_DOCUMENTATION_COMMENTS = YES;
				CLANG_WARN_EMPTY_BODY = YES;
				CLANG_WARN_ENUM_CONVERSION = YES;
				CLANG_WARN_INFINITE_RECURSION = YES;
				CLANG_WARN_INT_CONVERSION = YES;
				CLANG_WARN_OBJC_ROOT_CLASS = YES_ERROR;
				CLANG_WARN_SUSPICIOUS_MOVE = YES;
				CLANG_WARN_UNREACHABLE_CODE = YES;
				CLANG_WARN__DUPLICATE_METHOD_MATCH = YES;
				CODE_SIGN_IDENTITY = "-";
				COPY_PHASE_STRIP = NO;
				DEBUG_INFORMATION_FORMAT = "dwarf-with-dsym";
				ENABLE_NS_ASSERTIONS = NO;
				ENABLE_STRICT_OBJC_MSGSEND = YES;
				GCC_C_LANGUAGE_STANDARD = gnu99;
				GCC_NO_COMMON_BLOCKS = YES;
				GCC_WARN_64_TO_32_BIT_CONVERSION = YES;
				GCC_WARN_ABOUT_RETURN_TYPE = YES_ERROR;
				GCC_WARN_UNDECLARED_SELECTOR = YES;
				GCC_WARN_UNINITIALIZED_AUTOS = YES_AGGRESSIVE;
				GCC_WARN_UNUSED_FUNCTION = YES;
				GCC_WARN_UNUSED_VARIABLE = YES;
				MACOSX_DEPLOYMENT_TARGET = 10.12;
				MTL_ENABLE_DEBUG_INFO = NO;
				SDKROOT = macosx;
			};
			name = Release;
		};
		F26881D71EAE3EED00582C27 /* Debug */ = {
			isa = XCBuildConfiguration;
			buildSettings = {
				DEVELOPMENT_TEAM = 6EW99E5PRN;
				PRODUCT_NAME = "$(TARGET_NAME)";
				SWIFT_VERSION = 3.0;
			};
			name = Debug;
		};
		F26881D81EAE3EED00582C27 /* Release */ = {
			isa = XCBuildConfiguration;
			buildSettings = {
				DEVELOPMENT_TEAM = 6EW99E5PRN;
				PRODUCT_NAME = "$(TARGET_NAME)";
				SWIFT_VERSION = 3.0;
			};
			name = Release;
		};
/* End XCBuildConfiguration section */

/* Begin XCConfigurationList section */
		F26881CA1EAE3EED00582C27 /* Build configuration list for PBXProject "ClassObject" */ = {
			isa = XCConfigurationList;
			buildConfigurations = (
				F26881D41EAE3EED00582C27 /* Debug */,
				F26881D51EAE3EED00582C27 /* Release */,
			);
			defaultConfigurationIsVisible = 0;
			defaultConfigurationName = Release;
		};
		F26881D61EAE3EED00582C27 /* Build configuration list for PBXNativeTarget "ClassObject" */ = {
			isa = XCConfigurationList;
			buildConfigurations = (
				F26881D71EAE3EED00582C27 /* Debug */,
				F26881D81EAE3EED00582C27 /* Release */,
			);
			defaultConfigurationIsVisible = 0;
		};
/* End XCConfigurationList section */
	};
	rootObject = F26881C71EAE3EED00582C27 /* Project object */;
}
