// !$*UTF8*$!
{
	archiveVersion = 1;
	classes = {
	};
	objectVersion = 46;
	objects = {

/* Begin PBXBuildFile section */
		F26405011F05067B00189406 /* main.swift in Sources */ = {isa = PBXBuildFile; fileRef = F26405001F05067B00189406 /* main.swift */; };
		F280B4A81F0A3F3F004979E2 /* TrailingClosures.swift in Sources */ = {isa = PBXBuildFile; fileRef = F280B4A71F0A3F3F004979E2 /* TrailingClosures.swift */; };
		F2FB9A6E1F0C7D73002B0659 /* AutoClosures.swift in Sources */ = {isa = PBXBuildFile; fileRef = F2FB9A6D1F0C7D73002B0659 /* AutoClosures.swift */; };
		F2FB9A701F0CDB5B002B0659 /* AutoTrailingClosure.swift in Sources */ = {isa = PBXBuildFile; fileRef = F2FB9A6F1F0CDB5B002B0659 /* AutoTrailingClosure.swift */; };
/* End PBXBuildFile section */

/* Begin PBXCopyFilesBuildPhase section */
		F26404FB1F05067B00189406 /* CopyFiles */ = {
			isa = PBXCopyFilesBuildPhase;
			buildActionMask = 2147483647;
			dstPath = /usr/share/man/man1/;
			dstSubfolderSpec = 0;
			files = (
			);
			runOnlyForDeploymentPostprocessing = 1;
		};
/* End PBXCopyFilesBuildPhase section */

/* Begin PBXFileReference section */
		F26404FD1F05067B00189406 /* Closure */ = {isa = PBXFileReference; explicitFileType = "compiled.mach-o.executable"; includeInIndex = 0; path = Closure; sourceTree = BUILT_PRODUCTS_DIR; };
		F26405001F05067B00189406 /* main.swift */ = {isa = PBXFileReference; lastKnownFileType = sourcecode.swift; path = main.swift; sourceTree = "<group>"; };
		F280B4A71F0A3F3F004979E2 /* TrailingClosures.swift */ = {isa = PBXFileReference; fileEncoding = 4; lastKnownFileType = sourcecode.swift; path = TrailingClosures.swift; sourceTree = "<group>"; };
		F2FB9A6D1F0C7D73002B0659 /* AutoClosures.swift */ = {isa = PBXFileReference; fileEncoding = 4; lastKnownFileType = sourcecode.swift; path = AutoClosures.swift; sourceTree = "<group>"; };
		F2FB9A6F1F0CDB5B002B0659 /* AutoTrailingClosure.swift */ = {isa = PBXFileReference; fileEncoding = 4; lastKnownFileType = sourcecode.swift; path = AutoTrailingClosure.swift; sourceTree = "<group>"; };
/* End PBXFileReference section */

/* Begin PBXFrameworksBuildPhase section */
		F26404FA1F05067B00189406 /* Frameworks */ = {
			isa = PBXFrameworksBuildPhase;
			buildActionMask = 2147483647;
			files = (
			);
			runOnlyForDeploymentPostprocessing = 0;
		};
/* End PBXFrameworksBuildPhase section */

/* Begin PBXGroup section */
		F26404F41F05067B00189406 = {
			isa = PBXGroup;
			children = (
				F26404FF1F05067B00189406 /* Closure */,
				F26404FE1F05067B00189406 /* Products */,
			);
			sourceTree = "<group>";
		};
		F26404FE1F05067B00189406 /* Products */ = {
			isa = PBXGroup;
			children = (
				F26404FD1F05067B00189406 /* Closure */,
			);
			name = Products;
			sourceTree = "<group>";
		};
		F26404FF1F05067B00189406 /* Closure */ = {
			isa = PBXGroup;
			children = (
				F26405001F05067B00189406 /* main.swift */,
				F280B4A71F0A3F3F004979E2 /* TrailingClosures.swift */,
				F2FB9A6D1F0C7D73002B0659 /* AutoClosures.swift */,
				F2FB9A6F1F0CDB5B002B0659 /* AutoTrailingClosure.swift */,
			);
			path = Closure;
			sourceTree = "<group>";
		};
/* End PBXGroup section */

/* Begin PBXNativeTarget section */
		F26404FC1F05067B00189406 /* Closure */ = {
			isa = PBXNativeTarget;
			buildConfigurationList = F26405041F05067B00189406 /* Build configuration list for PBXNativeTarget "Closure" */;
			buildPhases = (
				F26404F91F05067B00189406 /* Sources */,
				F26404FA1F05067B00189406 /* Frameworks */,
				F26404FB1F05067B00189406 /* CopyFiles */,
			);
			buildRules = (
			);
			dependencies = (
			);
			name = Closure;
			productName = Closure;
			productReference = F26404FD1F05067B00189406 /* Closure */;
			productType = "com.apple.product-type.tool";
		};
/* End PBXNativeTarget section */

/* Begin PBXProject section */
		F26404F51F05067B00189406 /* Project object */ = {
			isa = PBXProject;
			attributes = {
				LastSwiftUpdateCheck = 0830;
				LastUpgradeCheck = 0830;
				ORGANIZATIONNAME = huangxiong;
				TargetAttributes = {
					F26404FC1F05067B00189406 = {
						CreatedOnToolsVersion = 8.3.3;
						DevelopmentTeam = 6EW99E5PRN;
						ProvisioningStyle = Automatic;
					};
				};
			};
			buildConfigurationList = F26404F81F05067B00189406 /* Build configuration list for PBXProject "Closure" */;
			compatibilityVersion = "Xcode 3.2";
			developmentRegion = English;
			hasScannedForEncodings = 0;
			knownRegions = (
				en,
			);
			mainGroup = F26404F41F05067B00189406;
			productRefGroup = F26404FE1F05067B00189406 /* Products */;
			projectDirPath = "";
			projectRoot = "";
			targets = (
				F26404FC1F05067B00189406 /* Closure */,
			);
		};
/* End PBXProject section */

/* Begin PBXSourcesBuildPhase section */
		F26404F91F05067B00189406 /* Sources */ = {
			isa = PBXSourcesBuildPhase;
			buildActionMask = 2147483647;
			files = (
				F2FB9A701F0CDB5B002B0659 /* AutoTrailingClosure.swift in Sources */,
				F2FB9A6E1F0C7D73002B0659 /* AutoClosures.swift in Sources */,
				F26405011F05067B00189406 /* main.swift in Sources */,
				F280B4A81F0A3F3F004979E2 /* TrailingClosures.swift in Sources */,
			);
			runOnlyForDeploymentPostprocessing = 0;
		};
/* End PBXSourcesBuildPhase section */

/* Begin XCBuildConfiguration section */
		F26405021F05067B00189406 /* Debug */ = {
			isa = XCBuildConfiguration;
			buildSettings = {
				ALWAYS_SEARCH_USER_PATHS = NO;
				CLANG_ANALYZER_NONNULL = YES;
				CLANG_ANALYZER_NUMBER_OBJECT_CONVERSION = YES_AGGRESSIVE;
				CLANG_CXX_LANGUAGE_STANDARD = "gnu++0x";
				CLANG_CXX_LIBRARY = "libc++";
				CLANG_ENABLE_MODULES = YES;
				CLANG_ENABLE_OBJC_ARC = YES;
				CLANG_WARN_BOOL_CONVERSION = YES;
				CLANG_WARN_CONSTANT_CONVERSION = YES;
				CLANG_WARN_DIRECT_OBJC_ISA_USAGE = YES_ERROR;
				CLANG_WARN_DOCUMENTATION_COMMENTS = YES;
				CLANG_WARN_EMPTY_BODY = YES;
				CLANG_WARN_ENUM_CONVERSION = YES;
				CLANG_WARN_INFINITE_RECURSION = YES;
				CLANG_WARN_INT_CONVERSION = YES;
				CLANG_WARN_OBJC_ROOT_CLASS = YES_ERROR;
				CLANG_WARN_SUSPICIOUS_MOVE = YES;
				CLANG_WARN_UNREACHABLE_CODE = YES;
				CLANG_WARN__DUPLICATE_METHOD_MATCH = YES;
				CODE_SIGN_IDENTITY = "-";
				COPY_PHASE_STRIP = NO;
				DEBUG_INFORMATION_FORMAT = dwarf;
				ENABLE_STRICT_OBJC_MSGSEND = YES;
				ENABLE_TESTABILITY = YES;
				GCC_C_LANGUAGE_STANDARD = gnu99;
				GCC_DYNAMIC_NO_PIC = NO;
				GCC_NO_COMMON_BLOCKS = YES;
				GCC_OPTIMIZATION_LEVEL = 0;
				GCC_PREPROCESSOR_DEFINITIONS = (
					"DEBUG=1",
					"$(inherited)",
				);
				GCC_WARN_64_TO_32_BIT_CONVERSION = YES;
				GCC_WARN_ABOUT_RETURN_TYPE = YES_ERROR;
				GCC_WARN_UNDECLARED_SELECTOR = YES;
				GCC_WARN_UNINITIALIZED_AUTOS = YES_AGGRESSIVE;
				GCC_WARN_UNUSED_FUNCTION = YES;
				GCC_WARN_UNUSED_VARIABLE = YES;
				MACOSX_DEPLOYMENT_TARGET = 10.12;
				MTL_ENABLE_DEBUG_INFO = YES;
				ONLY_ACTIVE_ARCH = YES;
				SDKROOT = macosx;
				SWIFT_OPTIMIZATION_LEVEL = "-Onone";
			};
			name = Debug;
		};
		F26405031F05067B00189406 /* Release */ = {
			isa = XCBuildConfiguration;
			buildSettings = {
				ALWAYS_SEARCH_USER_PATHS = NO;
				CLANG_ANALYZER_NONNULL = YES;
				CLANG_ANALYZER_NUMBER_OBJECT_CONVERSION = YES_AGGRESSIVE;
				CLANG_CXX_LANGUAGE_STANDARD = "gnu++0x";
				CLANG_CXX_LIBRARY = "libc++";
				CLANG_ENABLE_MODULES = YES;
				CLANG_ENABLE_OBJC_ARC = YES;
				CLANG_WARN_BOOL_CONVERSION = YES;
				CLANG_WARN_CONSTANT_CONVERSION = YES;
				CLANG_WARN_DIRECT_OBJC_ISA_USAGE = YES_ERROR;
				CLANG_WARN_DOCUMENTATION_COMMENTS = YES;
				CLANG_WARN_EMPTY_BODY = YES;
				CLANG_WARN_ENUM_CONVERSION = YES;
				CLANG_WARN_INFINITE_RECURSION = YES;
				CLANG_WARN_INT_CONVERSION = YES;
				CLANG_WARN_OBJC_ROOT_CLASS = YES_ERROR;
				CLANG_WARN_SUSPICIOUS_MOVE = YES;
				CLANG_WARN_UNREACHABLE_CODE = YES;
				CLANG_WARN__DUPLICATE_METHOD_MATCH = YES;
				CODE_SIGN_IDENTITY = "-";
				COPY_PHASE_STRIP = NO;
				DEBUG_INFORMATION_FORMAT = "dwarf-with-dsym";
				ENABLE_NS_ASSERTIONS = NO;
				ENABLE_STRICT_OBJC_MSGSEND = YES;
				GCC_C_LANGUAGE_STANDARD = gnu99;
				GCC_NO_COMMON_BLOCKS = YES;
				GCC_WARN_64_TO_32_BIT_CONVERSION = YES;
				GCC_WARN_ABOUT_RETURN_TYPE = YES_ERROR;
				GCC_WARN_UNDECLARED_SELECTOR = YES;
				GCC_WARN_UNINITIALIZED_AUTOS = YES_AGGRESSIVE;
				GCC_WARN_UNUSED_FUNCTION = YES;
				GCC_WARN_UNUSED_VARIABLE = YES;
				MACOSX_DEPLOYMENT_TARGET = 10.12;
				MTL_ENABLE_DEBUG_INFO = NO;
				SDKROOT = macosx;
			};
			name = Release;
		};
		F26405051F05067B00189406 /* Debug */ = {
			isa = XCBuildConfiguration;
			buildSettings = {
				DEVELOPMENT_TEAM = 6EW99E5PRN;
				PRODUCT_NAME = "$(TARGET_NAME)";
				SWIFT_VERSION = 3.0;
			};
			name = Debug;
		};
		F26405061F05067B00189406 /* Release */ = {
			isa = XCBuildConfiguration;
			buildSettings = {
				DEVELOPMENT_TEAM = 6EW99E5PRN;
				PRODUCT_NAME = "$(TARGET_NAME)";
				SWIFT_VERSION = 3.0;
			};
			name = Release;
		};
/* End XCBuildConfiguration section */

/* Begin XCConfigurationList section */
		F26404F81F05067B00189406 /* Build configuration list for PBXProject "Closure" */ = {
			isa = XCConfigurationList;
			buildConfigurations = (
				F26405021F05067B00189406 /* Debug */,
				F26405031F05067B00189406 /* Release */,
			);
			defaultConfigurationIsVisible = 0;
			defaultConfigurationName = Release;
		};
		F26405041F05067B00189406 /* Build configuration list for PBXNativeTarget "Closure" */ = {
			isa = XCConfigurationList;
			buildConfigurations = (
				F26405051F05067B00189406 /* Debug */,
				F26405061F05067B00189406 /* Release */,
			);
			defaultConfigurationIsVisible = 0;
			defaultConfigurationName = Release;
		};
/* End XCConfigurationList section */
	};
	rootObject = F26404F51F05067B00189406 /* Project object */;
}
