// !$*UTF8*$!
{
	archiveVersion = 1;
	classes = {
	};
	objectVersion = 46;
	objects = {

/* Begin PBXBuildFile section */
		F237135F1EA7B3CD000DB89E /* Tuple.swift in Sources */ = {isa = PBXBuildFile; fileRef = F237135E1EA7B3CD000DB89E /* Tuple.swift */; };
		F2CE25151EA7A4AB00B2FE05 /* main.swift in Sources */ = {isa = PBXBuildFile; fileRef = F2CE25141EA7A4AB00B2FE05 /* main.swift */; };
		F2CE251C1EA7ABBF00B2FE05 /* ForStatement.swift in Sources */ = {isa = PBXBuildFile; fileRef = F2CE251B1EA7ABBF00B2FE05 /* ForStatement.swift */; };
		F2CE251E1EA7AF9E00B2FE05 /* Fuction.swift in Sources */ = {isa = PBXBuildFile; fileRef = F2CE251D1EA7AF9E00B2FE05 /* Fuction.swift */; };
/* End PBXBuildFile section */

/* Begin PBXCopyFilesBuildPhase section */
		F2CE250F1EA7A4AB00B2FE05 /* CopyFiles */ = {
			isa = PBXCopyFilesBuildPhase;
			buildActionMask = 2147483647;
			dstPath = /usr/share/man/man1/;
			dstSubfolderSpec = 0;
			files = (
			);
			runOnlyForDeploymentPostprocessing = 1;
		};
/* End PBXCopyFilesBuildPhase section */

/* Begin PBXFileReference section */
		F237135E1EA7B3CD000DB89E /* Tuple.swift */ = {isa = PBXFileReference; fileEncoding = 4; lastKnownFileType = sourcecode.swift; path = Tuple.swift; sourceTree = "<group>"; };
		F2CE25111EA7A4AB00B2FE05 /* StatementFlow */ = {isa = PBXFileReference; explicitFileType = "compiled.mach-o.executable"; includeInIndex = 0; path = StatementFlow; sourceTree = BUILT_PRODUCTS_DIR; };
		F2CE25141EA7A4AB00B2FE05 /* main.swift */ = {isa = PBXFileReference; lastKnownFileType = sourcecode.swift; path = main.swift; sourceTree = "<group>"; };
		F2CE251B1EA7ABBF00B2FE05 /* ForStatement.swift */ = {isa = PBXFileReference; fileEncoding = 4; lastKnownFileType = sourcecode.swift; path = ForStatement.swift; sourceTree = "<group>"; };
		F2CE251D1EA7AF9E00B2FE05 /* Fuction.swift */ = {isa = PBXFileReference; fileEncoding = 4; lastKnownFileType = sourcecode.swift; path = Fuction.swift; sourceTree = "<group>"; };
/* End PBXFileReference section */

/* Begin PBXFrameworksBuildPhase section */
		F2CE250E1EA7A4AB00B2FE05 /* Frameworks */ = {
			isa = PBXFrameworksBuildPhase;
			buildActionMask = 2147483647;
			files = (
			);
			runOnlyForDeploymentPostprocessing = 0;
		};
/* End PBXFrameworksBuildPhase section */

/* Begin PBXGroup section */
		F2CE25081EA7A4AB00B2FE05 = {
			isa = PBXGroup;
			children = (
				F2CE25131EA7A4AB00B2FE05 /* StatementFlow */,
				F2CE25121EA7A4AB00B2FE05 /* Products */,
			);
			sourceTree = "<group>";
		};
		F2CE25121EA7A4AB00B2FE05 /* Products */ = {
			isa = PBXGroup;
			children = (
				F2CE25111EA7A4AB00B2FE05 /* StatementFlow */,
			);
			name = Products;
			sourceTree = "<group>";
		};
		F2CE25131EA7A4AB00B2FE05 /* StatementFlow */ = {
			isa = PBXGroup;
			children = (
				F2CE25141EA7A4AB00B2FE05 /* main.swift */,
				F2CE251B1EA7ABBF00B2FE05 /* ForStatement.swift */,
				F2CE251D1EA7AF9E00B2FE05 /* Fuction.swift */,
				F237135E1EA7B3CD000DB89E /* Tuple.swift */,
			);
			path = StatementFlow;
			sourceTree = "<group>";
		};
/* End PBXGroup section */

/* Begin PBXNativeTarget section */
		F2CE25101EA7A4AB00B2FE05 /* StatementFlow */ = {
			isa = PBXNativeTarget;
			buildConfigurationList = F2CE25181EA7A4AB00B2FE05 /* Build configuration list for PBXNativeTarget "StatementFlow" */;
			buildPhases = (
				F2CE250D1EA7A4AB00B2FE05 /* Sources */,
				F2CE250E1EA7A4AB00B2FE05 /* Frameworks */,
				F2CE250F1EA7A4AB00B2FE05 /* CopyFiles */,
			);
			buildRules = (
			);
			dependencies = (
			);
			name = StatementFlow;
			productName = StatementFlow;
			productReference = F2CE25111EA7A4AB00B2FE05 /* StatementFlow */;
			productType = "com.apple.product-type.tool";
		};
/* End PBXNativeTarget section */

/* Begin PBXProject section */
		F2CE25091EA7A4AB00B2FE05 /* Project object */ = {
			isa = PBXProject;
			attributes = {
				LastSwiftUpdateCheck = 0830;
				LastUpgradeCheck = 0830;
				ORGANIZATIONNAME = huangxiong;
				TargetAttributes = {
					F2CE25101EA7A4AB00B2FE05 = {
						CreatedOnToolsVersion = 8.3.1;
						DevelopmentTeam = 6EW99E5PRN;
						ProvisioningStyle = Automatic;
					};
				};
			};
			buildConfigurationList = F2CE250C1EA7A4AB00B2FE05 /* Build configuration list for PBXProject "StatementFlow" */;
			compatibilityVersion = "Xcode 3.2";
			developmentRegion = English;
			hasScannedForEncodings = 0;
			knownRegions = (
				en,
			);
			mainGroup = F2CE25081EA7A4AB00B2FE05;
			productRefGroup = F2CE25121EA7A4AB00B2FE05 /* Products */;
			projectDirPath = "";
			projectRoot = "";
			targets = (
				F2CE25101EA7A4AB00B2FE05 /* StatementFlow */,
			);
		};
/* End PBXProject section */

/* Begin PBXSourcesBuildPhase section */
		F2CE250D1EA7A4AB00B2FE05 /* Sources */ = {
			isa = PBXSourcesBuildPhase;
			buildActionMask = 2147483647;
			files = (
				F237135F1EA7B3CD000DB89E /* Tuple.swift in Sources */,
				F2CE25151EA7A4AB00B2FE05 /* main.swift in Sources */,
				F2CE251C1EA7ABBF00B2FE05 /* ForStatement.swift in Sources */,
				F2CE251E1EA7AF9E00B2FE05 /* Fuction.swift in Sources */,
			);
			runOnlyForDeploymentPostprocessing = 0;
		};
/* End PBXSourcesBuildPhase section */

/* Begin XCBuildConfiguration section */
		F2CE25161EA7A4AB00B2FE05 /* Debug */ = {
			isa = XCBuildConfiguration;
			buildSettings = {
				ALWAYS_SEARCH_USER_PATHS = NO;
				CLANG_ANALYZER_NONNULL = YES;
				CLANG_ANALYZER_NUMBER_OBJECT_CONVERSION = YES_AGGRESSIVE;
				CLANG_CXX_LANGUAGE_STANDARD = "gnu++0x";
				CLANG_CXX_LIBRARY = "libc++";
				CLANG_ENABLE_MODULES = YES;
				CLANG_ENABLE_OBJC_ARC = YES;
				CLANG_WARN_BOOL_CONVERSION = YES;
				CLANG_WARN_CONSTANT_CONVERSION = YES;
				CLANG_WARN_DIRECT_OBJC_ISA_USAGE = YES_ERROR;
				CLANG_WARN_DOCUMENTATION_COMMENTS = YES;
				CLANG_WARN_EMPTY_BODY = YES;
				CLANG_WARN_ENUM_CONVERSION = YES;
				CLANG_WARN_INFINITE_RECURSION = YES;
				CLANG_WARN_INT_CONVERSION = YES;
				CLANG_WARN_OBJC_ROOT_CLASS = YES_ERROR;
				CLANG_WARN_SUSPICIOUS_MOVE = YES;
				CLANG_WARN_UNREACHABLE_CODE = YES;
				CLANG_WARN__DUPLICATE_METHOD_MATCH = YES;
				CODE_SIGN_IDENTITY = "-";
				COPY_PHASE_STRIP = NO;
				DEBUG_INFORMATION_FORMAT = dwarf;
				ENABLE_STRICT_OBJC_MSGSEND = YES;
				ENABLE_TESTABILITY = YES;
				GCC_C_LANGUAGE_STANDARD = gnu99;
				GCC_DYNAMIC_NO_PIC = NO;
				GCC_NO_COMMON_BLOCKS = YES;
				GCC_OPTIMIZATION_LEVEL = 0;
				GCC_PREPROCESSOR_DEFINITIONS = (
					"DEBUG=1",
					"$(inherited)",
				);
				GCC_WARN_64_TO_32_BIT_CONVERSION = YES;
				GCC_WARN_ABOUT_RETURN_TYPE = YES_ERROR;
				GCC_WARN_UNDECLARED_SELECTOR = YES;
				GCC_WARN_UNINITIALIZED_AUTOS = YES_AGGRESSIVE;
				GCC_WARN_UNUSED_FUNCTION = YES;
				GCC_WARN_UNUSED_VARIABLE = YES;
				MACOSX_DEPLOYMENT_TARGET = 10.12;
				MTL_ENABLE_DEBUG_INFO = YES;
				ONLY_ACTIVE_ARCH = YES;
				SDKROOT = macosx;
				SWIFT_OPTIMIZATION_LEVEL = "-Onone";
			};
			name = Debug;
		};
		F2CE25171EA7A4AB00B2FE05 /* Release */ = {
			isa = XCBuildConfiguration;
			buildSettings = {
				ALWAYS_SEARCH_USER_PATHS = NO;
				CLANG_ANALYZER_NONNULL = YES;
				CLANG_ANALYZER_NUMBER_OBJECT_CONVERSION = YES_AGGRESSIVE;
				CLANG_CXX_LANGUAGE_STANDARD = "gnu++0x";
				CLANG_CXX_LIBRARY = "libc++";
				CLANG_ENABLE_MODULES = YES;
				CLANG_ENABLE_OBJC_ARC = YES;
				CLANG_WARN_BOOL_CONVERSION = YES;
				CLANG_WARN_CONSTANT_CONVERSION = YES;
				CLANG_WARN_DIRECT_OBJC_ISA_USAGE = YES_ERROR;
				CLANG_WARN_DOCUMENTATION_COMMENTS = YES;
				CLANG_WARN_EMPTY_BODY = YES;
				CLANG_WARN_ENUM_CONVERSION = YES;
				CLANG_WARN_INFINITE_RECURSION = YES;
				CLANG_WARN_INT_CONVERSION = YES;
				CLANG_WARN_OBJC_ROOT_CLASS = YES_ERROR;
				CLANG_WARN_SUSPICIOUS_MOVE = YES;
				CLANG_WARN_UNREACHABLE_CODE = YES;
				CLANG_WARN__DUPLICATE_METHOD_MATCH = YES;
				CODE_SIGN_IDENTITY = "-";
				COPY_PHASE_STRIP = NO;
				DEBUG_INFORMATION_FORMAT = "dwarf-with-dsym";
				ENABLE_NS_ASSERTIONS = NO;
				ENABLE_STRICT_OBJC_MSGSEND = YES;
				GCC_C_LANGUAGE_STANDARD = gnu99;
				GCC_NO_COMMON_BLOCKS = YES;
				GCC_WARN_64_TO_32_BIT_CONVERSION = YES;
				GCC_WARN_ABOUT_RETURN_TYPE = YES_ERROR;
				GCC_WARN_UNDECLARED_SELECTOR = YES;
				GCC_WARN_UNINITIALIZED_AUTOS = YES_AGGRESSIVE;
				GCC_WARN_UNUSED_FUNCTION = YES;
				GCC_WARN_UNUSED_VARIABLE = YES;
				MACOSX_DEPLOYMENT_TARGET = 10.12;
				MTL_ENABLE_DEBUG_INFO = NO;
				SDKROOT = macosx;
			};
			name = Release;
		};
		F2CE25191EA7A4AB00B2FE05 /* Debug */ = {
			isa = XCBuildConfiguration;
			buildSettings = {
				DEVELOPMENT_TEAM = 6EW99E5PRN;
				PRODUCT_NAME = "$(TARGET_NAME)";
				SWIFT_VERSION = 3.0;
			};
			name = Debug;
		};
		F2CE251A1EA7A4AB00B2FE05 /* Release */ = {
			isa = XCBuildConfiguration;
			buildSettings = {
				DEVELOPMENT_TEAM = 6EW99E5PRN;
				PRODUCT_NAME = "$(TARGET_NAME)";
				SWIFT_VERSION = 3.0;
			};
			name = Release;
		};
/* End XCBuildConfiguration section */

/* Begin XCConfigurationList section */
		F2CE250C1EA7A4AB00B2FE05 /* Build configuration list for PBXProject "StatementFlow" */ = {
			isa = XCConfigurationList;
			buildConfigurations = (
				F2CE25161EA7A4AB00B2FE05 /* Debug */,
				F2CE25171EA7A4AB00B2FE05 /* Release */,
			);
			defaultConfigurationIsVisible = 0;
			defaultConfigurationName = Release;
		};
		F2CE25181EA7A4AB00B2FE05 /* Build configuration list for PBXNativeTarget "StatementFlow" */ = {
			isa = XCConfigurationList;
			buildConfigurations = (
				F2CE25191EA7A4AB00B2FE05 /* Debug */,
				F2CE251A1EA7A4AB00B2FE05 /* Release */,
			);
			defaultConfigurationIsVisible = 0;
			defaultConfigurationName = Release;
		};
/* End XCConfigurationList section */
	};
	rootObject = F2CE25091EA7A4AB00B2FE05 /* Project object */;
}
