// !$*UTF8*$!
{
	archiveVersion = 1;
	classes = {
	};
	objectVersion = 46;
	objects = {

/* Begin PBXBuildFile section */
		F24039DB1F66A16B001F5C1D /* Country.swift in Sources */ = {isa = PBXBuildFile; fileRef = F24039DA1F66A16B001F5C1D /* Country.swift */; };
		F24039DD1F66A1A2001F5C1D /* City.swift in Sources */ = {isa = PBXBuildFile; fileRef = F24039DC1F66A1A2001F5C1D /* City.swift */; };
		F251DA1C1F62909F0069D727 /* Customer.swift in Sources */ = {isa = PBXBuildFile; fileRef = F251DA1B1F62909F0069D727 /* Customer.swift */; };
		F251DA1E1F6291010069D727 /* CreditCard.swift in Sources */ = {isa = PBXBuildFile; fileRef = F251DA1D1F6291010069D727 /* CreditCard.swift */; };
		F2692B581F6A79F000072333 /* HTMLElement.swift in Sources */ = {isa = PBXBuildFile; fileRef = F2692B571F6A79F000072333 /* HTMLElement.swift */; };
		F2B4F7EA1F611953000B1445 /* main.swift in Sources */ = {isa = PBXBuildFile; fileRef = F2B4F7E91F611953000B1445 /* main.swift */; };
		F2B4F7F11F61196D000B1445 /* Person.swift in Sources */ = {isa = PBXBuildFile; fileRef = F2B4F7F01F61196D000B1445 /* Person.swift */; };
		F2B4F7F31F614216000B1445 /* Apartment.swift in Sources */ = {isa = PBXBuildFile; fileRef = F2B4F7F21F614216000B1445 /* Apartment.swift */; };
/* End PBXBuildFile section */

/* Begin PBXCopyFilesBuildPhase section */
		F2B4F7E41F611953000B1445 /* CopyFiles */ = {
			isa = PBXCopyFilesBuildPhase;
			buildActionMask = 2147483647;
			dstPath = /usr/share/man/man1/;
			dstSubfolderSpec = 0;
			files = (
			);
			runOnlyForDeploymentPostprocessing = 1;
		};
/* End PBXCopyFilesBuildPhase section */

/* Begin PBXFileReference section */
		F24039DA1F66A16B001F5C1D /* Country.swift */ = {isa = PBXFileReference; fileEncoding = 4; lastKnownFileType = sourcecode.swift; path = Country.swift; sourceTree = "<group>"; };
		F24039DC1F66A1A2001F5C1D /* City.swift */ = {isa = PBXFileReference; fileEncoding = 4; lastKnownFileType = sourcecode.swift; path = City.swift; sourceTree = "<group>"; };
		F251DA1B1F62909F0069D727 /* Customer.swift */ = {isa = PBXFileReference; fileEncoding = 4; lastKnownFileType = sourcecode.swift; path = Customer.swift; sourceTree = "<group>"; };
		F251DA1D1F6291010069D727 /* CreditCard.swift */ = {isa = PBXFileReference; fileEncoding = 4; lastKnownFileType = sourcecode.swift; path = CreditCard.swift; sourceTree = "<group>"; };
		F2692B571F6A79F000072333 /* HTMLElement.swift */ = {isa = PBXFileReference; fileEncoding = 4; lastKnownFileType = sourcecode.swift; path = HTMLElement.swift; sourceTree = "<group>"; };
		F2B4F7E61F611953000B1445 /* ARC_Demo */ = {isa = PBXFileReference; explicitFileType = "compiled.mach-o.executable"; includeInIndex = 0; path = ARC_Demo; sourceTree = BUILT_PRODUCTS_DIR; };
		F2B4F7E91F611953000B1445 /* main.swift */ = {isa = PBXFileReference; lastKnownFileType = sourcecode.swift; path = main.swift; sourceTree = "<group>"; };
		F2B4F7F01F61196D000B1445 /* Person.swift */ = {isa = PBXFileReference; fileEncoding = 4; lastKnownFileType = sourcecode.swift; path = Person.swift; sourceTree = "<group>"; };
		F2B4F7F21F614216000B1445 /* Apartment.swift */ = {isa = PBXFileReference; fileEncoding = 4; lastKnownFileType = sourcecode.swift; path = Apartment.swift; sourceTree = "<group>"; };
/* End PBXFileReference section */

/* Begin PBXFrameworksBuildPhase section */
		F2B4F7E31F611953000B1445 /* Frameworks */ = {
			isa = PBXFrameworksBuildPhase;
			buildActionMask = 2147483647;
			files = (
			);
			runOnlyForDeploymentPostprocessing = 0;
		};
/* End PBXFrameworksBuildPhase section */

/* Begin PBXGroup section */
		F2B4F7DD1F611953000B1445 = {
			isa = PBXGroup;
			children = (
				F2B4F7E81F611953000B1445 /* ARC_Demo */,
				F2B4F7E71F611953000B1445 /* Products */,
			);
			sourceTree = "<group>";
		};
		F2B4F7E71F611953000B1445 /* Products */ = {
			isa = PBXGroup;
			children = (
				F2B4F7E61F611953000B1445 /* ARC_Demo */,
			);
			name = Products;
			sourceTree = "<group>";
		};
		F2B4F7E81F611953000B1445 /* ARC_Demo */ = {
			isa = PBXGroup;
			children = (
				F2B4F7E91F611953000B1445 /* main.swift */,
				F2B4F7F01F61196D000B1445 /* Person.swift */,
				F2B4F7F21F614216000B1445 /* Apartment.swift */,
				F251DA1B1F62909F0069D727 /* Customer.swift */,
				F251DA1D1F6291010069D727 /* CreditCard.swift */,
				F24039DA1F66A16B001F5C1D /* Country.swift */,
				F24039DC1F66A1A2001F5C1D /* City.swift */,
				F2692B571F6A79F000072333 /* HTMLElement.swift */,
			);
			path = ARC_Demo;
			sourceTree = "<group>";
		};
/* End PBXGroup section */

/* Begin PBXNativeTarget section */
		F2B4F7E51F611953000B1445 /* ARC_Demo */ = {
			isa = PBXNativeTarget;
			buildConfigurationList = F2B4F7ED1F611953000B1445 /* Build configuration list for PBXNativeTarget "ARC_Demo" */;
			buildPhases = (
				F2B4F7E21F611953000B1445 /* Sources */,
				F2B4F7E31F611953000B1445 /* Frameworks */,
				F2B4F7E41F611953000B1445 /* CopyFiles */,
			);
			buildRules = (
			);
			dependencies = (
			);
			name = ARC_Demo;
			productName = ARC_Demo;
			productReference = F2B4F7E61F611953000B1445 /* ARC_Demo */;
			productType = "com.apple.product-type.tool";
		};
/* End PBXNativeTarget section */

/* Begin PBXProject section */
		F2B4F7DE1F611953000B1445 /* Project object */ = {
			isa = PBXProject;
			attributes = {
				LastSwiftUpdateCheck = 0830;
				LastUpgradeCheck = 0830;
				ORGANIZATIONNAME = huangxiong;
				TargetAttributes = {
					F2B4F7E51F611953000B1445 = {
						CreatedOnToolsVersion = 8.3.3;
						DevelopmentTeam = 6EW99E5PRN;
						ProvisioningStyle = Automatic;
					};
				};
			};
			buildConfigurationList = F2B4F7E11F611953000B1445 /* Build configuration list for PBXProject "ARC_Demo" */;
			compatibilityVersion = "Xcode 3.2";
			developmentRegion = English;
			hasScannedForEncodings = 0;
			knownRegions = (
				en,
			);
			mainGroup = F2B4F7DD1F611953000B1445;
			productRefGroup = F2B4F7E71F611953000B1445 /* Products */;
			projectDirPath = "";
			projectRoot = "";
			targets = (
				F2B4F7E51F611953000B1445 /* ARC_Demo */,
			);
		};
/* End PBXProject section */

/* Begin PBXSourcesBuildPhase section */
		F2B4F7E21F611953000B1445 /* Sources */ = {
			isa = PBXSourcesBuildPhase;
			buildActionMask = 2147483647;
			files = (
				F2B4F7F11F61196D000B1445 /* Person.swift in Sources */,
				F251DA1E1F6291010069D727 /* CreditCard.swift in Sources */,
				F2B4F7EA1F611953000B1445 /* main.swift in Sources */,
				F2692B581F6A79F000072333 /* HTMLElement.swift in Sources */,
				F2B4F7F31F614216000B1445 /* Apartment.swift in Sources */,
				F24039DB1F66A16B001F5C1D /* Country.swift in Sources */,
				F251DA1C1F62909F0069D727 /* Customer.swift in Sources */,
				F24039DD1F66A1A2001F5C1D /* City.swift in Sources */,
			);
			runOnlyForDeploymentPostprocessing = 0;
		};
/* End PBXSourcesBuildPhase section */

/* Begin XCBuildConfiguration section */
		F2B4F7EB1F611953000B1445 /* Debug */ = {
			isa = XCBuildConfiguration;
			buildSettings = {
				ALWAYS_SEARCH_USER_PATHS = NO;
				CLANG_ANALYZER_NONNULL = YES;
				CLANG_ANALYZER_NUMBER_OBJECT_CONVERSION = YES_AGGRESSIVE;
				CLANG_CXX_LANGUAGE_STANDARD = "gnu++0x";
				CLANG_CXX_LIBRARY = "libc++";
				CLANG_ENABLE_MODULES = YES;
				CLANG_ENABLE_OBJC_ARC = YES;
				CLANG_WARN_BOOL_CONVERSION = YES;
				CLANG_WARN_CONSTANT_CONVERSION = YES;
				CLANG_WARN_DIRECT_OBJC_ISA_USAGE = YES_ERROR;
				CLANG_WARN_DOCUMENTATION_COMMENTS = YES;
				CLANG_WARN_EMPTY_BODY = YES;
				CLANG_WARN_ENUM_CONVERSION = YES;
				CLANG_WARN_INFINITE_RECURSION = YES;
				CLANG_WARN_INT_CONVERSION = YES;
				CLANG_WARN_OBJC_ROOT_CLASS = YES_ERROR;
				CLANG_WARN_SUSPICIOUS_MOVE = YES;
				CLANG_WARN_UNREACHABLE_CODE = YES;
				CLANG_WARN__DUPLICATE_METHOD_MATCH = YES;
				CODE_SIGN_IDENTITY = "-";
				COPY_PHASE_STRIP = NO;
				DEBUG_INFORMATION_FORMAT = dwarf;
				ENABLE_STRICT_OBJC_MSGSEND = YES;
				ENABLE_TESTABILITY = YES;
				GCC_C_LANGUAGE_STANDARD = gnu99;
				GCC_DYNAMIC_NO_PIC = NO;
				GCC_NO_COMMON_BLOCKS = YES;
				GCC_OPTIMIZATION_LEVEL = 0;
				GCC_PREPROCESSOR_DEFINITIONS = (
					"DEBUG=1",
					"$(inherited)",
				);
				GCC_WARN_64_TO_32_BIT_CONVERSION = YES;
				GCC_WARN_ABOUT_RETURN_TYPE = YES_ERROR;
				GCC_WARN_UNDECLARED_SELECTOR = YES;
				GCC_WARN_UNINITIALIZED_AUTOS = YES_AGGRESSIVE;
				GCC_WARN_UNUSED_FUNCTION = YES;
				GCC_WARN_UNUSED_VARIABLE = YES;
				MACOSX_DEPLOYMENT_TARGET = 10.12;
				MTL_ENABLE_DEBUG_INFO = YES;
				ONLY_ACTIVE_ARCH = YES;
				SDKROOT = macosx;
				SWIFT_OPTIMIZATION_LEVEL = "-Onone";
			};
			name = Debug;
		};
		F2B4F7EC1F611953000B1445 /* Release */ = {
			isa = XCBuildConfiguration;
			buildSettings = {
				ALWAYS_SEARCH_USER_PATHS = NO;
				CLANG_ANALYZER_NONNULL = YES;
				CLANG_ANALYZER_NUMBER_OBJECT_CONVERSION = YES_AGGRESSIVE;
				CLANG_CXX_LANGUAGE_STANDARD = "gnu++0x";
				CLANG_CXX_LIBRARY = "libc++";
				CLANG_ENABLE_MODULES = YES;
				CLANG_ENABLE_OBJC_ARC = YES;
				CLANG_WARN_BOOL_CONVERSION = YES;
				CLANG_WARN_CONSTANT_CONVERSION = YES;
				CLANG_WARN_DIRECT_OBJC_ISA_USAGE = YES_ERROR;
				CLANG_WARN_DOCUMENTATION_COMMENTS = YES;
				CLANG_WARN_EMPTY_BODY = YES;
				CLANG_WARN_ENUM_CONVERSION = YES;
				CLANG_WARN_INFINITE_RECURSION = YES;
				CLANG_WARN_INT_CONVERSION = YES;
				CLANG_WARN_OBJC_ROOT_CLASS = YES_ERROR;
				CLANG_WARN_SUSPICIOUS_MOVE = YES;
				CLANG_WARN_UNREACHABLE_CODE = YES;
				CLANG_WARN__DUPLICATE_METHOD_MATCH = YES;
				CODE_SIGN_IDENTITY = "-";
				COPY_PHASE_STRIP = NO;
				DEBUG_INFORMATION_FORMAT = "dwarf-with-dsym";
				ENABLE_NS_ASSERTIONS = NO;
				ENABLE_STRICT_OBJC_MSGSEND = YES;
				GCC_C_LANGUAGE_STANDARD = gnu99;
				GCC_NO_COMMON_BLOCKS = YES;
				GCC_WARN_64_TO_32_BIT_CONVERSION = YES;
				GCC_WARN_ABOUT_RETURN_TYPE = YES_ERROR;
				GCC_WARN_UNDECLARED_SELECTOR = YES;
				GCC_WARN_UNINITIALIZED_AUTOS = YES_AGGRESSIVE;
				GCC_WARN_UNUSED_FUNCTION = YES;
				GCC_WARN_UNUSED_VARIABLE = YES;
				MACOSX_DEPLOYMENT_TARGET = 10.12;
				MTL_ENABLE_DEBUG_INFO = NO;
				SDKROOT = macosx;
			};
			name = Release;
		};
		F2B4F7EE1F611953000B1445 /* Debug */ = {
			isa = XCBuildConfiguration;
			buildSettings = {
				DEVELOPMENT_TEAM = 6EW99E5PRN;
				PRODUCT_NAME = "$(TARGET_NAME)";
				SWIFT_VERSION = 3.0;
			};
			name = Debug;
		};
		F2B4F7EF1F611953000B1445 /* Release */ = {
			isa = XCBuildConfiguration;
			buildSettings = {
				DEVELOPMENT_TEAM = 6EW99E5PRN;
				PRODUCT_NAME = "$(TARGET_NAME)";
				SWIFT_VERSION = 3.0;
			};
			name = Release;
		};
/* End XCBuildConfiguration section */

/* Begin XCConfigurationList section */
		F2B4F7E11F611953000B1445 /* Build configuration list for PBXProject "ARC_Demo" */ = {
			isa = XCConfigurationList;
			buildConfigurations = (
				F2B4F7EB1F611953000B1445 /* Debug */,
				F2B4F7EC1F611953000B1445 /* Release */,
			);
			defaultConfigurationIsVisible = 0;
			defaultConfigurationName = Release;
		};
		F2B4F7ED1F611953000B1445 /* Build configuration list for PBXNativeTarget "ARC_Demo" */ = {
			isa = XCConfigurationList;
			buildConfigurations = (
				F2B4F7EE1F611953000B1445 /* Debug */,
				F2B4F7EF1F611953000B1445 /* Release */,
			);
			defaultConfigurationIsVisible = 0;
			defaultConfigurationName = Release;
		};
/* End XCConfigurationList section */
	};
	rootObject = F2B4F7DE1F611953000B1445 /* Project object */;
}
